PODS:
  - CallbackURLKit (2.3.0):
    - CallbackURLKit/Core (= 2.3.0)
  - CallbackURLKit/Core (2.3.0)
  - Fuzi (3.1.1)
  - HotKey (0.1.2)
  - OpenSSL-Universal (1.0.2.19):
    - OpenSSL-Universal/Static (= 1.0.2.19)
  - OpenSSL-Universal/Static (1.0.2.19)
  - SwiftLint (0.38.2)
  - ZIPFoundation (0.9.10)

DEPENDENCIES:
  - CallbackURLKit
  - Fuzi
  - HotKey
  - OpenSSL-Universal
  - SwiftLint
  - ZIPFoundation

SPEC REPOS:
  https://github.com/CocoaPods/Specs.git:
    - CallbackURLKit
    - Fuzi
    - HotKey
    - OpenSSL-Universal
    - SwiftLint
    - ZIPFoundation

SPEC CHECKSUMS:
  CallbackURLKit: a940d1b869c70e1fa700ea06f988ba2a8963dafb
  Fuzi: bcc5694488dd6e672e126cbf3c5471d7a79506d1
  HotKey: ad59450195936c10992438c4210f673de5aee43e
  OpenSSL-Universal: 8b48cc0d10c1b2923617dfe5c178aa9ed2689355
  SwiftLint: 8f5d2f903e1c9bcbc832fd16771e80a263ac6cbb
  ZIPFoundation: 249fa8890597086cd536bb2df5c9804d84e122b0

PODFILE CHECKSUM: a713019125b2b845196c0ff7dea892f0d7c85fca

COCOAPODS: 1.8.4
