PODS:
  - CallbackURLKit (2.3.0):
    - CallbackURLKit/Core (= 2.3.0)
  - CallbackURLKit/Core (2.3.0)
  - Fuzi (3.1.1)
  - HotKey (0.1.2)
  - SwiftLint (0.39.1)
  - ZIPFoundation (0.9.10)

DEPENDENCIES:
  - CallbackURLKit
  - Fuzi
  - HotKey
  - SwiftLint
  - ZIPFoundation

SPEC REPOS:
  https://github.com/CocoaPods/Specs.git:
    - CallbackURLKit
    - Fuzi
    - HotKey
    - SwiftLint
    - ZIPFoundation

SPEC CHECKSUMS:
  CallbackURLKit: a940d1b869c70e1fa700ea06f988ba2a8963dafb
  Fuzi: bcc5694488dd6e672e126cbf3c5471d7a79506d1
  HotKey: ad59450195936c10992438c4210f673de5aee43e
  SwiftLint: 55e96a4a4d537d4a3156859fc1c54bd24851a046
  ZIPFoundation: 249fa8890597086cd536bb2df5c9804d84e122b0

PODFILE CHECKSUM: dc2d3149a97359c1a30e20692a3884c89ea1fa95

COCOAPODS: 1.9.1
