{
  "originHash" : "5504501b367bbbe8700530753063159ed401c566084e777e9e4c51d6496c82ba",
  "pins" : [
    {
      "identity" : "callbackurlkit-visionos-fork",
      "kind" : "remoteSourceControl",
      "location" : "https://github.com/ptsochantaris/CallbackURLKit-VisionOS-Fork",
      "state" : {
        "branch" : "master",
        "revision" : "60b306cbe733b8d5d870f6945ea699d579419286"
      }
    },
    {
      "identity" : "exceptioncatcher",
      "kind" : "remoteSourceControl",
      "location" : "https://github.com/sindresorhus/ExceptionCatcher",
      "state" : {
        "revision" : "9e57a89e7ed5e11cbc04fbaa5f1397448f91bb73",
        "version" : "2.2.0"
      }
    },
    {
      "identity" : "hotkey",
      "kind" : "remoteSourceControl",
      "location" : "https://github.com/soffes/HotKey",
      "state" : {
        "revision" : "a3cf605d7a96f6ff50e04fcb6dea6e2613cfcbe4",
        "version" : "0.2.1"
      }
    },
    {
      "identity" : "lista",
      "kind" : "remoteSourceControl",
      "location" : "https://github.com/ptsochantaris/lista",
      "state" : {
        "branch" : "main",
        "revision" : "548c1ae3f64d265bbf95c324002ded901e3af55e"
      }
    },
    {
      "identity" : "maintini",
      "kind" : "remoteSourceControl",
      "location" : "https://github.com/ptsochantaris/maintini",
      "state" : {
        "branch" : "main",
        "revision" : "fa3c7d1b5ee1ac78842e78857707e2f97f42cbb4"
      }
    },
    {
      "identity" : "pop-timer",
      "kind" : "remoteSourceControl",
      "location" : "https://github.com/ptsochantaris/pop-timer",
      "state" : {
        "branch" : "main",
        "revision" : "976417188ba25b95ef9e469927502e722f2eca68"
      }
    },
    {
      "identity" : "semalot",
      "kind" : "remoteSourceControl",
      "location" : "https://github.com/ptsochantaris/semalot",
      "state" : {
        "branch" : "main",
        "revision" : "25ad59cdcfab8666ff151d639bd354cc9977af10"
      }
    },
    {
      "identity" : "swiftsoup",
      "kind" : "remoteSourceControl",
      "location" : "https://github.com/scinfu/SwiftSoup",
      "state" : {
        "revision" : "fd541c4b3fa7dcec2e7cfe049505b6e4382cd66b",
        "version" : "2.13.2"
      }
    },
    {
      "identity" : "zipfoundation",
      "kind" : "remoteSourceControl",
      "location" : "https://github.com/weichsel/ZIPFoundation",
      "state" : {
        "revision" : "22787ffb59de99e5dc1fbfe80b19c97a904ad48d",
        "version" : "0.9.20"
      }
    }
  ],
  "version" : 3
}
