{
  "originHash" : "5c6517cdbdc7cc17b501bf32aefddf9e28798582693b5ec36c536fac48c8fba2",
  "pins" : [
    {
      "identity" : "callbackurlkit-visionos-fork",
      "kind" : "remoteSourceControl",
      "location" : "https://github.com/ptsochantaris/CallbackURLKit-VisionOS-Fork",
      "state" : {
        "branch" : "master",
        "revision" : "60b306cbe733b8d5d870f6945ea699d579419286"
      }
    },
    {
      "identity" : "exceptioncatcher",
      "kind" : "remoteSourceControl",
      "location" : "https://github.com/sindresorhus/ExceptionCatcher",
      "state" : {
        "revision" : "a7acaf40f8bd67a1f3a05a14de5b6a861ac3d1ac",
        "version" : "2.0.1"
      }
    },
    {
      "identity" : "hotkey",
      "kind" : "remoteSourceControl",
      "location" : "https://github.com/soffes/HotKey",
      "state" : {
        "revision" : "31234dfbb4330b90ee10d89fbacb77316781cc06",
        "version" : "0.2.0"
      }
    },
    {
      "identity" : "lista",
      "kind" : "remoteSourceControl",
      "location" : "https://github.com/ptsochantaris/lista",
      "state" : {
        "branch" : "main",
        "revision" : "7d6cf8bd6aea70c08a077083474ef94bfd1e1d57"
      }
    },
    {
      "identity" : "maintini",
      "kind" : "remoteSourceControl",
      "location" : "https://github.com/ptsochantaris/maintini",
      "state" : {
        "branch" : "main",
        "revision" : "c95ee8487f0019f4570198ffca14cf78a905e429"
      }
    },
    {
      "identity" : "pop-timer",
      "kind" : "remoteSourceControl",
      "location" : "https://github.com/ptsochantaris/pop-timer",
      "state" : {
        "branch" : "main",
        "revision" : "09a2b89dcef86151fc30cfc6000154b3645170b1"
      }
    },
    {
      "identity" : "semalot",
      "kind" : "remoteSourceControl",
      "location" : "https://github.com/ptsochantaris/semalot",
      "state" : {
        "branch" : "main",
        "revision" : "0ae24abfce7152cda9ef2e15eea6ca5516700eee"
      }
    },
    {
      "identity" : "swiftsoup",
      "kind" : "remoteSourceControl",
      "location" : "https://github.com/scinfu/SwiftSoup.git",
      "state" : {
        "revision" : "028487d4a8a291b2fe1b4392b5425b6172056148",
        "version" : "2.7.2"
      }
    },
    {
      "identity" : "zipfoundation",
      "kind" : "remoteSourceControl",
      "location" : "https://github.com/weichsel/ZIPFoundation",
      "state" : {
        "revision" : "02b6abe5f6eef7e3cbd5f247c5cc24e246efcfe0",
        "version" : "0.9.19"
      }
    }
  ],
  "version" : 3
}
