{
  "originHash" : "f2e92b8c8137a0aa5cffa97b5544348d754f4f34d440324fd7c8f626fab9c587",
  "pins" : [
    {
      "identity" : "callbackurlkit-visionos-fork",
      "kind" : "remoteSourceControl",
      "location" : "https://github.com/ptsochantaris/CallbackURLKit-VisionOS-Fork",
      "state" : {
        "branch" : "master",
        "revision" : "60b306cbe733b8d5d870f6945ea699d579419286"
      }
    },
    {
      "identity" : "exceptioncatcher",
      "kind" : "remoteSourceControl",
      "location" : "https://github.com/sindresorhus/ExceptionCatcher",
      "state" : {
        "revision" : "9e57a89e7ed5e11cbc04fbaa5f1397448f91bb73",
        "version" : "2.2.0"
      }
    },
    {
      "identity" : "hotkey",
      "kind" : "remoteSourceControl",
      "location" : "https://github.com/soffes/HotKey",
      "state" : {
        "revision" : "a3cf605d7a96f6ff50e04fcb6dea6e2613cfcbe4",
        "version" : "0.2.1"
      }
    },
    {
      "identity" : "lista",
      "kind" : "remoteSourceControl",
      "location" : "https://github.com/ptsochantaris/lista",
      "state" : {
        "branch" : "main",
        "revision" : "548c1ae3f64d265bbf95c324002ded901e3af55e"
      }
    },
    {
      "identity" : "lrucache",
      "kind" : "remoteSourceControl",
      "location" : "https://github.com/nicklockwood/LRUCache.git",
      "state" : {
        "revision" : "e0e9e039b33db8f2ef39b8e25607e38f46b13584",
        "version" : "1.1.2"
      }
    },
    {
      "identity" : "maintini",
      "kind" : "remoteSourceControl",
      "location" : "https://github.com/ptsochantaris/maintini",
      "state" : {
        "branch" : "main",
        "revision" : "fa3c7d1b5ee1ac78842e78857707e2f97f42cbb4"
      }
    },
    {
      "identity" : "pop-timer",
      "kind" : "remoteSourceControl",
      "location" : "https://github.com/ptsochantaris/pop-timer",
      "state" : {
        "branch" : "main",
        "revision" : "976417188ba25b95ef9e469927502e722f2eca68"
      }
    },
    {
      "identity" : "semalot",
      "kind" : "remoteSourceControl",
      "location" : "https://github.com/ptsochantaris/semalot",
      "state" : {
        "branch" : "main",
        "revision" : "25ad59cdcfab8666ff151d639bd354cc9977af10"
      }
    },
    {
      "identity" : "swift-atomics",
      "kind" : "remoteSourceControl",
      "location" : "https://github.com/apple/swift-atomics.git",
      "state" : {
        "revision" : "b601256eab081c0f92f059e12818ac1d4f178ff7",
        "version" : "1.3.0"
      }
    },
    {
      "identity" : "swiftsoup",
      "kind" : "remoteSourceControl",
      "location" : "https://github.com/scinfu/SwiftSoup",
      "state" : {
        "revision" : "4206bc7b8bd9a4ff8e9511211e1b4bff979ef9c4",
        "version" : "2.11.1"
      }
    },
    {
      "identity" : "zipfoundation",
      "kind" : "remoteSourceControl",
      "location" : "https://github.com/weichsel/ZIPFoundation",
      "state" : {
        "revision" : "02b6abe5f6eef7e3cbd5f247c5cc24e246efcfe0",
        "version" : "0.9.19"
      }
    }
  ],
  "version" : 3
}
