// !$*UTF8*$!
{
	archiveVersion = 1;
	classes = {
	};
	objectVersion = 48;
	objects = {

/* Begin PBXBuildFile section */
		1604A3341F091D76005A477E /* Model.swift in Sources */ = {isa = PBXBuildFile; fileRef = 16A223E41EF67FC7009EEEBC /* Model.swift */; };
		1604A3351F091D79005A477E /* Types.swift in Sources */ = {isa = PBXBuildFile; fileRef = 163845FB1EF8629700CB8D97 /* Types.swift */; };
		1604A3361F091D7D005A477E /* ArchivedDropItemType.swift in Sources */ = {isa = PBXBuildFile; fileRef = 16101E891EF5A1A000CCBD3C /* ArchivedDropItemType.swift */; };
		1604A3371F091D80005A477E /* ArchivedDropItem.swift in Sources */ = {isa = PBXBuildFile; fileRef = 16101E8B1EF5A1EB00CCBD3C /* ArchivedDropItem.swift */; };
		1604A3381F093073005A477E /* Assets.xcassets in Resources */ = {isa = PBXBuildFile; fileRef = 1678F9D71EF475FF005697CB /* Assets.xcassets */; };
		1605C5FC1F13A95600F54B19 /* MainInterface.storyboard in Resources */ = {isa = PBXBuildFile; fileRef = 1605C5FB1F13A56E00F54B19 /* MainInterface.storyboard */; };
		16062E091EFE647800AB5353 /* DetailController.swift in Sources */ = {isa = PBXBuildFile; fileRef = 16062E081EFE647800AB5353 /* DetailController.swift */; };
		16062E0C1EFE705800AB5353 /* DetailCell.swift in Sources */ = {isa = PBXBuildFile; fileRef = 16062E0B1EFE705800AB5353 /* DetailCell.swift */; };
		16101E8A1EF5A1A000CCBD3C /* ArchivedDropItemType.swift in Sources */ = {isa = PBXBuildFile; fileRef = 16101E891EF5A1A000CCBD3C /* ArchivedDropItemType.swift */; };
		16101E8C1EF5A1EB00CCBD3C /* ArchivedDropItem.swift in Sources */ = {isa = PBXBuildFile; fileRef = 16101E8B1EF5A1EB00CCBD3C /* ArchivedDropItem.swift */; };
		1619E8151EFF3745000087DD /* FileProviderExtension.swift in Sources */ = {isa = PBXBuildFile; fileRef = 1619E8141EFF3745000087DD /* FileProviderExtension.swift */; };
		1619E8171EFF3745000087DD /* FileProviderItem.swift in Sources */ = {isa = PBXBuildFile; fileRef = 1619E8161EFF3745000087DD /* FileProviderItem.swift */; };
		1619E8191EFF3745000087DD /* FileProviderEnumerator.swift in Sources */ = {isa = PBXBuildFile; fileRef = 1619E8181EFF3745000087DD /* FileProviderEnumerator.swift */; };
		1619E81E1EFF3745000087DD /* GladysFiles.appex in Embed App Extensions */ = {isa = PBXBuildFile; fileRef = 1619E8121EFF3745000087DD /* GladysFiles.appex */; settings = {ATTRIBUTES = (RemoveHeadersOnCopy, ); }; };
		1619E8221EFF3A36000087DD /* Model.swift in Sources */ = {isa = PBXBuildFile; fileRef = 16A223E41EF67FC7009EEEBC /* Model.swift */; };
		1619E8231EFF3A64000087DD /* ArchivedDropItem.swift in Sources */ = {isa = PBXBuildFile; fileRef = 16101E8B1EF5A1EB00CCBD3C /* ArchivedDropItem.swift */; };
		1619E8241EFF3A66000087DD /* ArchivedDropItemType.swift in Sources */ = {isa = PBXBuildFile; fileRef = 16101E891EF5A1A000CCBD3C /* ArchivedDropItemType.swift */; };
		1619E8251EFF3B54000087DD /* Types.swift in Sources */ = {isa = PBXBuildFile; fileRef = 163845FB1EF8629700CB8D97 /* Types.swift */; };
		16287AEA1EFB03FD007188AE /* IndexRequestHandler.swift in Sources */ = {isa = PBXBuildFile; fileRef = 16287AE91EFB03FD007188AE /* IndexRequestHandler.swift */; };
		16287AEE1EFB03FD007188AE /* GladysIndex.appex in Embed App Extensions */ = {isa = PBXBuildFile; fileRef = 16287AE71EFB03FD007188AE /* GladysIndex.appex */; settings = {ATTRIBUTES = (RemoveHeadersOnCopy, ); }; };
		16287AF41EFB05D7007188AE /* Model.swift in Sources */ = {isa = PBXBuildFile; fileRef = 16A223E41EF67FC7009EEEBC /* Model.swift */; };
		16287AF51EFB05E0007188AE /* ArchivedDropItem.swift in Sources */ = {isa = PBXBuildFile; fileRef = 16101E8B1EF5A1EB00CCBD3C /* ArchivedDropItem.swift */; };
		16287AF61EFB05E4007188AE /* ArchivedDropItemType.swift in Sources */ = {isa = PBXBuildFile; fileRef = 16101E891EF5A1A000CCBD3C /* ArchivedDropItemType.swift */; };
		16287AF71EFB05E9007188AE /* Types.swift in Sources */ = {isa = PBXBuildFile; fileRef = 163845FB1EF8629700CB8D97 /* Types.swift */; };
		16287AF81EFB05EC007188AE /* PopTimer.swift in Sources */ = {isa = PBXBuildFile; fileRef = 16A223E21EF67959009EEEBC /* PopTimer.swift */; };
		163845FC1EF8629700CB8D97 /* Types.swift in Sources */ = {isa = PBXBuildFile; fileRef = 163845FB1EF8629700CB8D97 /* Types.swift */; };
		164136901F09195000B34574 /* ActionRequestViewController.swift in Sources */ = {isa = PBXBuildFile; fileRef = 1641368F1F09195000B34574 /* ActionRequestViewController.swift */; };
		164136961F09195000B34574 /* GladysAction.appex in Embed App Extensions */ = {isa = PBXBuildFile; fileRef = 1641368D1F09195000B34574 /* GladysAction.appex */; settings = {ATTRIBUTES = (RemoveHeadersOnCopy, ); }; };
		167574031F12C22500385079 /* GladysFramework.h in Headers */ = {isa = PBXBuildFile; fileRef = 167574011F12C22500385079 /* GladysFramework.h */; settings = {ATTRIBUTES = (Public, ); }; };
		1675740C1F12C2A500385079 /* AppleIncRootCertificate.cer in Resources */ = {isa = PBXBuildFile; fileRef = 167A18D71F128BB900B7F0AF /* AppleIncRootCertificate.cer */; };
		1675740D1F12C2A800385079 /* VerifyReceipt.m in Sources */ = {isa = PBXBuildFile; fileRef = 167A18D41F128A9300B7F0AF /* VerifyReceipt.m */; };
		167574101F12C2D100385079 /* libcrypto.a in Frameworks */ = {isa = PBXBuildFile; fileRef = 1675740E1F12C2D100385079 /* libcrypto.a */; };
		167574111F12C2D100385079 /* libssl.a in Frameworks */ = {isa = PBXBuildFile; fileRef = 1675740F1F12C2D100385079 /* libssl.a */; };
		1678F9D11EF475FE005697CB /* AppDelegate.swift in Sources */ = {isa = PBXBuildFile; fileRef = 1678F9D01EF475FE005697CB /* AppDelegate.swift */; };
		1678F9D31EF475FF005697CB /* ViewController.swift in Sources */ = {isa = PBXBuildFile; fileRef = 1678F9D21EF475FF005697CB /* ViewController.swift */; };
		1678F9D81EF475FF005697CB /* Assets.xcassets in Resources */ = {isa = PBXBuildFile; fileRef = 1678F9D71EF475FF005697CB /* Assets.xcassets */; };
		1678F9DB1EF475FF005697CB /* LaunchScreen.storyboard in Resources */ = {isa = PBXBuildFile; fileRef = 1678F9D91EF475FF005697CB /* LaunchScreen.storyboard */; };
		169763141F15669000537776 /* ArchivedDropItemType+Ingest.swift in Sources */ = {isa = PBXBuildFile; fileRef = 169763121F15669000537776 /* ArchivedDropItemType+Ingest.swift */; };
		169763151F15669000537776 /* ArchivedDropItemType+UI.swift in Sources */ = {isa = PBXBuildFile; fileRef = 169763131F15669000537776 /* ArchivedDropItemType+UI.swift */; };
		169763161F15669700537776 /* ArchivedDropItemType+Ingest.swift in Sources */ = {isa = PBXBuildFile; fileRef = 169763121F15669000537776 /* ArchivedDropItemType+Ingest.swift */; };
		169763181F1566DE00537776 /* ArchivedDropItemType+Tagging.swift in Sources */ = {isa = PBXBuildFile; fileRef = 169763171F1566DE00537776 /* ArchivedDropItemType+Tagging.swift */; };
		1697631A1F15680600537776 /* ArchivedDropItem+Tagging.swift in Sources */ = {isa = PBXBuildFile; fileRef = 169763191F15680600537776 /* ArchivedDropItem+Tagging.swift */; };
		1697631E1F156C5800537776 /* ArchivedDropItemType+Loading.swift in Sources */ = {isa = PBXBuildFile; fileRef = 1697631D1F156C5800537776 /* ArchivedDropItemType+Loading.swift */; };
		1697631F1F156C5800537776 /* ArchivedDropItemType+Loading.swift in Sources */ = {isa = PBXBuildFile; fileRef = 1697631D1F156C5800537776 /* ArchivedDropItemType+Loading.swift */; };
		169763211F156CBE00537776 /* ArchivedDropItem+UI.swift in Sources */ = {isa = PBXBuildFile; fileRef = 169763201F156CBE00537776 /* ArchivedDropItem+UI.swift */; };
		169763231F156E0700537776 /* ArchivedDropItem+Indexing.swift in Sources */ = {isa = PBXBuildFile; fileRef = 169763221F156E0700537776 /* ArchivedDropItem+Indexing.swift */; };
		169763251F1573D700537776 /* ArchivedDropItem+Indexing.swift in Sources */ = {isa = PBXBuildFile; fileRef = 169763221F156E0700537776 /* ArchivedDropItem+Indexing.swift */; };
		16A223E31EF67959009EEEBC /* PopTimer.swift in Sources */ = {isa = PBXBuildFile; fileRef = 16A223E21EF67959009EEEBC /* PopTimer.swift */; };
		16A223E51EF67FC7009EEEBC /* Model.swift in Sources */ = {isa = PBXBuildFile; fileRef = 16A223E41EF67FC7009EEEBC /* Model.swift */; };
		16B552781F12E3F700641009 /* Fuzi.framework.dSYM in Carthage Copy Files */ = {isa = PBXBuildFile; fileRef = 16B552771F12E3CC00641009 /* Fuzi.framework.dSYM */; };
		16B5527E1F12E58300641009 /* Fuzi.framework in Embed Frameworks */ = {isa = PBXBuildFile; fileRef = 16F21C171F12D1B40033FE8B /* Fuzi.framework */; settings = {ATTRIBUTES = (CodeSignOnCopy, RemoveHeadersOnCopy, ); }; };
		16B5527F1F12E5A900641009 /* GladysFramework.framework in Frameworks */ = {isa = PBXBuildFile; fileRef = 167573FF1F12C22500385079 /* GladysFramework.framework */; };
		16B552801F12E5C200641009 /* GladysFramework.framework in Frameworks */ = {isa = PBXBuildFile; fileRef = 167573FF1F12C22500385079 /* GladysFramework.framework */; };
		16B552811F12E5C200641009 /* GladysFramework.framework in Embed Frameworks */ = {isa = PBXBuildFile; fileRef = 167573FF1F12C22500385079 /* GladysFramework.framework */; settings = {ATTRIBUTES = (CodeSignOnCopy, RemoveHeadersOnCopy, ); }; };
		16D2C7131EF5A6E6009B97F9 /* ArchivedItemCell.swift in Sources */ = {isa = PBXBuildFile; fileRef = 16D2C7121EF5A6E6009B97F9 /* ArchivedItemCell.swift */; };
		16D2C7161EF5A829009B97F9 /* Main.storyboard in Resources */ = {isa = PBXBuildFile; fileRef = 16D2C7141EF5A744009B97F9 /* Main.storyboard */; };
/* End PBXBuildFile section */

/* Begin PBXContainerItemProxy section */
		1619E81C1EFF3745000087DD /* PBXContainerItemProxy */ = {
			isa = PBXContainerItemProxy;
			containerPortal = 1678F9C51EF475FE005697CB /* Project object */;
			proxyType = 1;
			remoteGlobalIDString = 1619E8111EFF3745000087DD;
			remoteInfo = GladysFiles;
		};
		16287AEC1EFB03FD007188AE /* PBXContainerItemProxy */ = {
			isa = PBXContainerItemProxy;
			containerPortal = 1678F9C51EF475FE005697CB /* Project object */;
			proxyType = 1;
			remoteGlobalIDString = 16287AE61EFB03FD007188AE;
			remoteInfo = GladysIndex;
		};
		164136941F09195000B34574 /* PBXContainerItemProxy */ = {
			isa = PBXContainerItemProxy;
			containerPortal = 1678F9C51EF475FE005697CB /* Project object */;
			proxyType = 1;
			remoteGlobalIDString = 1641368C1F09195000B34574;
			remoteInfo = GladysAction;
		};
		169426471F12D2F800F3A0A4 /* PBXContainerItemProxy */ = {
			isa = PBXContainerItemProxy;
			containerPortal = 1678F9C51EF475FE005697CB /* Project object */;
			proxyType = 1;
			remoteGlobalIDString = 167573FE1F12C22500385079;
			remoteInfo = GladysFramework;
		};
		16B552821F12E5C200641009 /* PBXContainerItemProxy */ = {
			isa = PBXContainerItemProxy;
			containerPortal = 1678F9C51EF475FE005697CB /* Project object */;
			proxyType = 1;
			remoteGlobalIDString = 167573FE1F12C22500385079;
			remoteInfo = GladysFramework;
		};
/* End PBXContainerItemProxy section */

/* Begin PBXCopyFilesBuildPhase section */
		16287AF21EFB03FD007188AE /* Embed App Extensions */ = {
			isa = PBXCopyFilesBuildPhase;
			buildActionMask = 2147483647;
			dstPath = "";
			dstSubfolderSpec = 13;
			files = (
				1619E81E1EFF3745000087DD /* GladysFiles.appex in Embed App Extensions */,
				164136961F09195000B34574 /* GladysAction.appex in Embed App Extensions */,
				16287AEE1EFB03FD007188AE /* GladysIndex.appex in Embed App Extensions */,
			);
			name = "Embed App Extensions";
			runOnlyForDeploymentPostprocessing = 0;
		};
		167574071F12C22500385079 /* Embed Frameworks */ = {
			isa = PBXCopyFilesBuildPhase;
			buildActionMask = 2147483647;
			dstPath = "";
			dstSubfolderSpec = 10;
			files = (
				16B5527E1F12E58300641009 /* Fuzi.framework in Embed Frameworks */,
				16B552811F12E5C200641009 /* GladysFramework.framework in Embed Frameworks */,
			);
			name = "Embed Frameworks";
			runOnlyForDeploymentPostprocessing = 0;
		};
		16B552741F12E33200641009 /* Carthage Copy Files */ = {
			isa = PBXCopyFilesBuildPhase;
			buildActionMask = 2147483647;
			dstPath = "";
			dstSubfolderSpec = 16;
			files = (
				16B552781F12E3F700641009 /* Fuzi.framework.dSYM in Carthage Copy Files */,
			);
			name = "Carthage Copy Files";
			runOnlyForDeploymentPostprocessing = 0;
		};
/* End PBXCopyFilesBuildPhase section */

/* Begin PBXFileReference section */
		1604A3331F091ABC005A477E /* GladysAction.entitlements */ = {isa = PBXFileReference; lastKnownFileType = text.plist.entitlements; path = GladysAction.entitlements; sourceTree = "<group>"; };
		1605C5FB1F13A56E00F54B19 /* MainInterface.storyboard */ = {isa = PBXFileReference; lastKnownFileType = file.storyboard; path = MainInterface.storyboard; sourceTree = "<group>"; };
		16062E081EFE647800AB5353 /* DetailController.swift */ = {isa = PBXFileReference; lastKnownFileType = sourcecode.swift; path = DetailController.swift; sourceTree = "<group>"; };
		16062E0B1EFE705800AB5353 /* DetailCell.swift */ = {isa = PBXFileReference; lastKnownFileType = sourcecode.swift; path = DetailCell.swift; sourceTree = "<group>"; };
		16101E891EF5A1A000CCBD3C /* ArchivedDropItemType.swift */ = {isa = PBXFileReference; lastKnownFileType = sourcecode.swift; path = ArchivedDropItemType.swift; sourceTree = "<group>"; };
		16101E8B1EF5A1EB00CCBD3C /* ArchivedDropItem.swift */ = {isa = PBXFileReference; lastKnownFileType = sourcecode.swift; path = ArchivedDropItem.swift; sourceTree = "<group>"; };
		1619E8121EFF3745000087DD /* GladysFiles.appex */ = {isa = PBXFileReference; explicitFileType = "wrapper.app-extension"; includeInIndex = 0; path = GladysFiles.appex; sourceTree = BUILT_PRODUCTS_DIR; };
		1619E8141EFF3745000087DD /* FileProviderExtension.swift */ = {isa = PBXFileReference; lastKnownFileType = sourcecode.swift; path = FileProviderExtension.swift; sourceTree = "<group>"; };
		1619E8161EFF3745000087DD /* FileProviderItem.swift */ = {isa = PBXFileReference; lastKnownFileType = sourcecode.swift; path = FileProviderItem.swift; sourceTree = "<group>"; };
		1619E8181EFF3745000087DD /* FileProviderEnumerator.swift */ = {isa = PBXFileReference; lastKnownFileType = sourcecode.swift; path = FileProviderEnumerator.swift; sourceTree = "<group>"; };
		1619E81A1EFF3745000087DD /* Info.plist */ = {isa = PBXFileReference; lastKnownFileType = text.plist.xml; path = Info.plist; sourceTree = "<group>"; };
		1619E81B1EFF3745000087DD /* GladysFiles.entitlements */ = {isa = PBXFileReference; lastKnownFileType = text.plist.entitlements; path = GladysFiles.entitlements; sourceTree = "<group>"; };
		16287AE71EFB03FD007188AE /* GladysIndex.appex */ = {isa = PBXFileReference; explicitFileType = "wrapper.app-extension"; includeInIndex = 0; path = GladysIndex.appex; sourceTree = BUILT_PRODUCTS_DIR; };
		16287AE91EFB03FD007188AE /* IndexRequestHandler.swift */ = {isa = PBXFileReference; lastKnownFileType = sourcecode.swift; path = IndexRequestHandler.swift; sourceTree = "<group>"; };
		16287AEB1EFB03FD007188AE /* Info.plist */ = {isa = PBXFileReference; lastKnownFileType = text.plist.xml; path = Info.plist; sourceTree = "<group>"; };
		163845FB1EF8629700CB8D97 /* Types.swift */ = {isa = PBXFileReference; lastKnownFileType = sourcecode.swift; path = Types.swift; sourceTree = "<group>"; };
		1641368D1F09195000B34574 /* GladysAction.appex */ = {isa = PBXFileReference; explicitFileType = "wrapper.app-extension"; includeInIndex = 0; path = GladysAction.appex; sourceTree = BUILT_PRODUCTS_DIR; };
		1641368F1F09195000B34574 /* ActionRequestViewController.swift */ = {isa = PBXFileReference; lastKnownFileType = sourcecode.swift; path = ActionRequestViewController.swift; sourceTree = "<group>"; };
		164136931F09195000B34574 /* Info.plist */ = {isa = PBXFileReference; lastKnownFileType = text.plist.xml; path = Info.plist; sourceTree = "<group>"; };
		167573FF1F12C22500385079 /* GladysFramework.framework */ = {isa = PBXFileReference; explicitFileType = wrapper.framework; includeInIndex = 0; path = GladysFramework.framework; sourceTree = BUILT_PRODUCTS_DIR; };
		167574011F12C22500385079 /* GladysFramework.h */ = {isa = PBXFileReference; lastKnownFileType = sourcecode.c.h; path = GladysFramework.h; sourceTree = "<group>"; };
		167574021F12C22500385079 /* Info.plist */ = {isa = PBXFileReference; lastKnownFileType = text.plist.xml; path = Info.plist; sourceTree = "<group>"; };
		1675740E1F12C2D100385079 /* libcrypto.a */ = {isa = PBXFileReference; lastKnownFileType = archive.ar; name = libcrypto.a; path = GladysFramework/openssl/libcrypto.a; sourceTree = "<group>"; };
		1675740F1F12C2D100385079 /* libssl.a */ = {isa = PBXFileReference; lastKnownFileType = archive.ar; name = libssl.a; path = GladysFramework/openssl/libssl.a; sourceTree = "<group>"; };
		1678F9CD1EF475FE005697CB /* Gladys.app */ = {isa = PBXFileReference; explicitFileType = wrapper.application; includeInIndex = 0; path = Gladys.app; sourceTree = BUILT_PRODUCTS_DIR; };
		1678F9D01EF475FE005697CB /* AppDelegate.swift */ = {isa = PBXFileReference; lastKnownFileType = sourcecode.swift; path = AppDelegate.swift; sourceTree = "<group>"; };
		1678F9D21EF475FF005697CB /* ViewController.swift */ = {isa = PBXFileReference; lastKnownFileType = sourcecode.swift; path = ViewController.swift; sourceTree = "<group>"; };
		1678F9D71EF475FF005697CB /* Assets.xcassets */ = {isa = PBXFileReference; lastKnownFileType = folder.assetcatalog; path = Assets.xcassets; sourceTree = "<group>"; };
		1678F9DA1EF475FF005697CB /* Base */ = {isa = PBXFileReference; lastKnownFileType = file.storyboard; name = Base; path = Base.lproj/LaunchScreen.storyboard; sourceTree = "<group>"; };
		1678F9DC1EF475FF005697CB /* Info.plist */ = {isa = PBXFileReference; lastKnownFileType = text.plist.xml; name = Info.plist; path = Gladys/Info.plist; sourceTree = "<group>"; };
		167A18D41F128A9300B7F0AF /* VerifyReceipt.m */ = {isa = PBXFileReference; lastKnownFileType = sourcecode.c.objc; path = VerifyReceipt.m; sourceTree = "<group>"; };
		167A18D71F128BB900B7F0AF /* AppleIncRootCertificate.cer */ = {isa = PBXFileReference; lastKnownFileType = file; path = AppleIncRootCertificate.cer; sourceTree = "<group>"; };
		169763121F15669000537776 /* ArchivedDropItemType+Ingest.swift */ = {isa = PBXFileReference; fileEncoding = 4; lastKnownFileType = sourcecode.swift; path = "ArchivedDropItemType+Ingest.swift"; sourceTree = "<group>"; };
		169763131F15669000537776 /* ArchivedDropItemType+UI.swift */ = {isa = PBXFileReference; fileEncoding = 4; lastKnownFileType = sourcecode.swift; path = "ArchivedDropItemType+UI.swift"; sourceTree = "<group>"; };
		169763171F1566DE00537776 /* ArchivedDropItemType+Tagging.swift */ = {isa = PBXFileReference; lastKnownFileType = sourcecode.swift; path = "ArchivedDropItemType+Tagging.swift"; sourceTree = "<group>"; };
		169763191F15680600537776 /* ArchivedDropItem+Tagging.swift */ = {isa = PBXFileReference; lastKnownFileType = sourcecode.swift; path = "ArchivedDropItem+Tagging.swift"; sourceTree = "<group>"; };
		1697631D1F156C5800537776 /* ArchivedDropItemType+Loading.swift */ = {isa = PBXFileReference; lastKnownFileType = sourcecode.swift; path = "ArchivedDropItemType+Loading.swift"; sourceTree = "<group>"; };
		169763201F156CBE00537776 /* ArchivedDropItem+UI.swift */ = {isa = PBXFileReference; lastKnownFileType = sourcecode.swift; path = "ArchivedDropItem+UI.swift"; sourceTree = "<group>"; };
		169763221F156E0700537776 /* ArchivedDropItem+Indexing.swift */ = {isa = PBXFileReference; lastKnownFileType = sourcecode.swift; path = "ArchivedDropItem+Indexing.swift"; sourceTree = "<group>"; };
		16A223E21EF67959009EEEBC /* PopTimer.swift */ = {isa = PBXFileReference; lastKnownFileType = sourcecode.swift; path = PopTimer.swift; sourceTree = "<group>"; };
		16A223E41EF67FC7009EEEBC /* Model.swift */ = {isa = PBXFileReference; lastKnownFileType = sourcecode.swift; path = Model.swift; sourceTree = "<group>"; };
		16AA81561EFB2785000BC7E5 /* Gladys.entitlements */ = {isa = PBXFileReference; lastKnownFileType = text.plist.entitlements; name = Gladys.entitlements; path = Gladys/Gladys.entitlements; sourceTree = "<group>"; };
		16AA81571EFB2795000BC7E5 /* GladysIndex.entitlements */ = {isa = PBXFileReference; lastKnownFileType = text.plist.entitlements; path = GladysIndex.entitlements; sourceTree = "<group>"; };
		16B552771F12E3CC00641009 /* Fuzi.framework.dSYM */ = {isa = PBXFileReference; lastKnownFileType = wrapper.dsym; name = Fuzi.framework.dSYM; path = Carthage/Build/iOS/Fuzi.framework.dSYM; sourceTree = "<group>"; };
		16D2C7121EF5A6E6009B97F9 /* ArchivedItemCell.swift */ = {isa = PBXFileReference; lastKnownFileType = sourcecode.swift; path = ArchivedItemCell.swift; sourceTree = "<group>"; };
		16D2C7151EF5A744009B97F9 /* Base */ = {isa = PBXFileReference; lastKnownFileType = file.storyboard; name = Base; path = Base.lproj/Main.storyboard; sourceTree = "<group>"; };
		16D5DCD31F1CE0080069661C /* libxml2.tbd */ = {isa = PBXFileReference; lastKnownFileType = "sourcecode.text-based-dylib-definition"; name = libxml2.tbd; path = usr/lib/libxml2.tbd; sourceTree = SDKROOT; };
		16F21C171F12D1B40033FE8B /* Fuzi.framework */ = {isa = PBXFileReference; lastKnownFileType = wrapper.framework; name = Fuzi.framework; path = Carthage/Build/iOS/Fuzi.framework; sourceTree = "<group>"; };
/* End PBXFileReference section */

/* Begin PBXFrameworksBuildPhase section */
		1619E80F1EFF3745000087DD /* Frameworks */ = {
			isa = PBXFrameworksBuildPhase;
			buildActionMask = 2147483647;
			files = (
			);
			runOnlyForDeploymentPostprocessing = 0;
		};
		16287AE41EFB03FD007188AE /* Frameworks */ = {
			isa = PBXFrameworksBuildPhase;
			buildActionMask = 2147483647;
			files = (
			);
			runOnlyForDeploymentPostprocessing = 0;
		};
		1641368A1F09195000B34574 /* Frameworks */ = {
			isa = PBXFrameworksBuildPhase;
			buildActionMask = 2147483647;
			files = (
				16B5527F1F12E5A900641009 /* GladysFramework.framework in Frameworks */,
			);
			runOnlyForDeploymentPostprocessing = 0;
		};
		167573FB1F12C22500385079 /* Frameworks */ = {
			isa = PBXFrameworksBuildPhase;
			buildActionMask = 2147483647;
			files = (
				167574101F12C2D100385079 /* libcrypto.a in Frameworks */,
				167574111F12C2D100385079 /* libssl.a in Frameworks */,
			);
			runOnlyForDeploymentPostprocessing = 0;
		};
		1678F9CA1EF475FE005697CB /* Frameworks */ = {
			isa = PBXFrameworksBuildPhase;
			buildActionMask = 2147483647;
			files = (
				16B552801F12E5C200641009 /* GladysFramework.framework in Frameworks */,
			);
			runOnlyForDeploymentPostprocessing = 0;
		};
/* End PBXFrameworksBuildPhase section */

/* Begin PBXGroup section */
		16101E8F1EF5A23000CCBD3C /* Model */ = {
			isa = PBXGroup;
			children = (
				16101E8B1EF5A1EB00CCBD3C /* ArchivedDropItem.swift */,
				169763201F156CBE00537776 /* ArchivedDropItem+UI.swift */,
				169763191F15680600537776 /* ArchivedDropItem+Tagging.swift */,
				169763221F156E0700537776 /* ArchivedDropItem+Indexing.swift */,
				16A223E21EF67959009EEEBC /* PopTimer.swift */,
				163845FB1EF8629700CB8D97 /* Types.swift */,
				16A223E41EF67FC7009EEEBC /* Model.swift */,
				16101E891EF5A1A000CCBD3C /* ArchivedDropItemType.swift */,
				169763131F15669000537776 /* ArchivedDropItemType+UI.swift */,
				169763171F1566DE00537776 /* ArchivedDropItemType+Tagging.swift */,
				169763121F15669000537776 /* ArchivedDropItemType+Ingest.swift */,
				1697631D1F156C5800537776 /* ArchivedDropItemType+Loading.swift */,
			);
			path = Model;
			sourceTree = "<group>";
		};
		1619E8131EFF3745000087DD /* GladysFiles */ = {
			isa = PBXGroup;
			children = (
				1619E8141EFF3745000087DD /* FileProviderExtension.swift */,
				1619E8161EFF3745000087DD /* FileProviderItem.swift */,
				1619E8181EFF3745000087DD /* FileProviderEnumerator.swift */,
				1619E81A1EFF3745000087DD /* Info.plist */,
				1619E81B1EFF3745000087DD /* GladysFiles.entitlements */,
			);
			path = GladysFiles;
			sourceTree = "<group>";
		};
		16287AE81EFB03FD007188AE /* GladysIndex */ = {
			isa = PBXGroup;
			children = (
				16AA81571EFB2795000BC7E5 /* GladysIndex.entitlements */,
				16287AE91EFB03FD007188AE /* IndexRequestHandler.swift */,
				16287AEB1EFB03FD007188AE /* Info.plist */,
			);
			path = GladysIndex;
			sourceTree = "<group>";
		};
		1641368E1F09195000B34574 /* GladysAction */ = {
			isa = PBXGroup;
			children = (
				1604A3331F091ABC005A477E /* GladysAction.entitlements */,
				1605C5FB1F13A56E00F54B19 /* MainInterface.storyboard */,
				1641368F1F09195000B34574 /* ActionRequestViewController.swift */,
				164136931F09195000B34574 /* Info.plist */,
			);
			path = GladysAction;
			sourceTree = "<group>";
		};
		167574001F12C22500385079 /* GladysFramework */ = {
			isa = PBXGroup;
			children = (
				167574011F12C22500385079 /* GladysFramework.h */,
				167A18D71F128BB900B7F0AF /* AppleIncRootCertificate.cer */,
				167A18D41F128A9300B7F0AF /* VerifyReceipt.m */,
				167574021F12C22500385079 /* Info.plist */,
			);
			path = GladysFramework;
			sourceTree = "<group>";
		};
		1678F9C41EF475FE005697CB = {
			isa = PBXGroup;
			children = (
				1678F9CF1EF475FE005697CB /* Gladys */,
				16287AE81EFB03FD007188AE /* GladysIndex */,
				1619E8131EFF3745000087DD /* GladysFiles */,
				1641368E1F09195000B34574 /* GladysAction */,
				167574001F12C22500385079 /* GladysFramework */,
				1678F9CE1EF475FE005697CB /* Products */,
				16FAC6761EF988D6009BCB35 /* Frameworks */,
			);
			sourceTree = "<group>";
		};
		1678F9CE1EF475FE005697CB /* Products */ = {
			isa = PBXGroup;
			children = (
				1678F9CD1EF475FE005697CB /* Gladys.app */,
				16287AE71EFB03FD007188AE /* GladysIndex.appex */,
				1619E8121EFF3745000087DD /* GladysFiles.appex */,
				1641368D1F09195000B34574 /* GladysAction.appex */,
				167573FF1F12C22500385079 /* GladysFramework.framework */,
			);
			name = Products;
			sourceTree = "<group>";
		};
		1678F9CF1EF475FE005697CB /* Gladys */ = {
			isa = PBXGroup;
			children = (
				16E27BCC1EFC5F9D00FD0818 /* Support */,
				16D2C7111EF5A6D3009B97F9 /* Views */,
				16101E8F1EF5A23000CCBD3C /* Model */,
			);
			path = Gladys;
			sourceTree = "<group>";
		};
		16D2C7111EF5A6D3009B97F9 /* Views */ = {
			isa = PBXGroup;
			children = (
				1678F9D01EF475FE005697CB /* AppDelegate.swift */,
				1678F9D21EF475FF005697CB /* ViewController.swift */,
				16D2C7121EF5A6E6009B97F9 /* ArchivedItemCell.swift */,
				16062E081EFE647800AB5353 /* DetailController.swift */,
				16062E0B1EFE705800AB5353 /* DetailCell.swift */,
			);
			path = Views;
			sourceTree = "<group>";
		};
		16E27BCC1EFC5F9D00FD0818 /* Support */ = {
			isa = PBXGroup;
			children = (
				16AA81561EFB2785000BC7E5 /* Gladys.entitlements */,
				1678F9DC1EF475FF005697CB /* Info.plist */,
				1678F9D71EF475FF005697CB /* Assets.xcassets */,
				1678F9D91EF475FF005697CB /* LaunchScreen.storyboard */,
				16D2C7141EF5A744009B97F9 /* Main.storyboard */,
			);
			name = Support;
			path = ..;
			sourceTree = "<group>";
		};
		16FAC6761EF988D6009BCB35 /* Frameworks */ = {
			isa = PBXGroup;
			children = (
				16D5DCD31F1CE0080069661C /* libxml2.tbd */,
				16B552771F12E3CC00641009 /* Fuzi.framework.dSYM */,
				1675740E1F12C2D100385079 /* libcrypto.a */,
				1675740F1F12C2D100385079 /* libssl.a */,
				16F21C171F12D1B40033FE8B /* Fuzi.framework */,
			);
			name = Frameworks;
			sourceTree = "<group>";
		};
/* End PBXGroup section */

/* Begin PBXHeadersBuildPhase section */
		167573FC1F12C22500385079 /* Headers */ = {
			isa = PBXHeadersBuildPhase;
			buildActionMask = 2147483647;
			files = (
				167574031F12C22500385079 /* GladysFramework.h in Headers */,
			);
			runOnlyForDeploymentPostprocessing = 0;
		};
/* End PBXHeadersBuildPhase section */

/* Begin PBXNativeTarget section */
		1619E8111EFF3745000087DD /* GladysFiles */ = {
			isa = PBXNativeTarget;
			buildConfigurationList = 1619E8211EFF3745000087DD /* Build configuration list for PBXNativeTarget "GladysFiles" */;
			buildPhases = (
				16C00B1E1F20030C00A88BCA /* Set Build Number */,
				1619E80E1EFF3745000087DD /* Sources */,
				1619E80F1EFF3745000087DD /* Frameworks */,
				1619E8101EFF3745000087DD /* Resources */,
				16C00B221F20038500A88BCA /* Restore Build Number */,
			);
			buildRules = (
			);
			dependencies = (
			);
			name = GladysFiles;
			productName = GladysFiles;
			productReference = 1619E8121EFF3745000087DD /* GladysFiles.appex */;
			productType = "com.apple.product-type.app-extension";
		};
		16287AE61EFB03FD007188AE /* GladysIndex */ = {
			isa = PBXNativeTarget;
			buildConfigurationList = 16287AF11EFB03FD007188AE /* Build configuration list for PBXNativeTarget "GladysIndex" */;
			buildPhases = (
				16C00B1D1F2002EA00A88BCA /* Set Build Number */,
				16287AE31EFB03FD007188AE /* Sources */,
				16287AE41EFB03FD007188AE /* Frameworks */,
				16287AE51EFB03FD007188AE /* Resources */,
				16C00B211F20037900A88BCA /* Restore Build Number */,
			);
			buildRules = (
			);
			dependencies = (
			);
			name = GladysIndex;
			productName = GladysIndex;
			productReference = 16287AE71EFB03FD007188AE /* GladysIndex.appex */;
			productType = "com.apple.product-type.app-extension";
		};
		1641368C1F09195000B34574 /* GladysAction */ = {
			isa = PBXNativeTarget;
			buildConfigurationList = 164136991F09195000B34574 /* Build configuration list for PBXNativeTarget "GladysAction" */;
			buildPhases = (
				16C00B1F1F20031400A88BCA /* Set Build Number */,
				164136891F09195000B34574 /* Sources */,
				1641368A1F09195000B34574 /* Frameworks */,
				1641368B1F09195000B34574 /* Resources */,
				16C00B231F20039400A88BCA /* Restore Build Number */,
			);
			buildRules = (
			);
			dependencies = (
				169426481F12D2F800F3A0A4 /* PBXTargetDependency */,
			);
			name = GladysAction;
			productName = GladysAction;
			productReference = 1641368D1F09195000B34574 /* GladysAction.appex */;
			productType = "com.apple.product-type.app-extension";
		};
		167573FE1F12C22500385079 /* GladysFramework */ = {
			isa = PBXNativeTarget;
			buildConfigurationList = 167574091F12C22500385079 /* Build configuration list for PBXNativeTarget "GladysFramework" */;
			buildPhases = (
				167573FA1F12C22500385079 /* Sources */,
				167573FB1F12C22500385079 /* Frameworks */,
				167573FC1F12C22500385079 /* Headers */,
				167573FD1F12C22500385079 /* Resources */,
			);
			buildRules = (
			);
			dependencies = (
			);
			name = GladysFramework;
			productName = GladysFramework;
			productReference = 167573FF1F12C22500385079 /* GladysFramework.framework */;
			productType = "com.apple.product-type.framework";
		};
		1678F9CC1EF475FE005697CB /* Gladys */ = {
			isa = PBXNativeTarget;
			buildConfigurationList = 1678F9DF1EF475FF005697CB /* Build configuration list for PBXNativeTarget "Gladys" */;
			buildPhases = (
				16C00B1C1F2002AB00A88BCA /* Set Build Number */,
				1678F9C91EF475FE005697CB /* Sources */,
				1678F9CA1EF475FE005697CB /* Frameworks */,
				1678F9CB1EF475FE005697CB /* Resources */,
				16287AF21EFB03FD007188AE /* Embed App Extensions */,
				167574071F12C22500385079 /* Embed Frameworks */,
				1645F2D01F12DE0B00CF6506 /* Carthage Strip Frameworks */,
				16B552741F12E33200641009 /* Carthage Copy Files */,
				16C00B201F20036400A88BCA /* Restore Build Number */,
			);
			buildRules = (
			);
			dependencies = (
				16287AED1EFB03FD007188AE /* PBXTargetDependency */,
				1619E81D1EFF3745000087DD /* PBXTargetDependency */,
				164136951F09195000B34574 /* PBXTargetDependency */,
				16B552831F12E5C200641009 /* PBXTargetDependency */,
			);
			name = Gladys;
			productName = Gladys;
			productReference = 1678F9CD1EF475FE005697CB /* Gladys.app */;
			productType = "com.apple.product-type.application";
		};
/* End PBXNativeTarget section */

/* Begin PBXProject section */
		1678F9C51EF475FE005697CB /* Project object */ = {
			isa = PBXProject;
			attributes = {
				LastSwiftUpdateCheck = 0900;
				LastUpgradeCheck = 0900;
				ORGANIZATIONNAME = "Paul Tsochantaris";
				TargetAttributes = {
					1619E8111EFF3745000087DD = {
						CreatedOnToolsVersion = 9.0;
					};
					16287AE61EFB03FD007188AE = {
						CreatedOnToolsVersion = 9.0;
						LastSwiftMigration = 0900;
						SystemCapabilities = {
							com.apple.ApplicationGroups.iOS = {
								enabled = 1;
							};
						};
					};
					1641368C1F09195000B34574 = {
						CreatedOnToolsVersion = 9.0;
						SystemCapabilities = {
							com.apple.ApplicationGroups.iOS = {
								enabled = 1;
							};
						};
					};
					167573FE1F12C22500385079 = {
						CreatedOnToolsVersion = 9.0;
					};
					1678F9CC1EF475FE005697CB = {
						CreatedOnToolsVersion = 9.0;
						LastSwiftMigration = 0900;
						SystemCapabilities = {
							com.apple.ApplicationGroups.iOS = {
								enabled = 1;
							};
						};
					};
				};
			};
			buildConfigurationList = 1678F9C81EF475FE005697CB /* Build configuration list for PBXProject "Gladys" */;
			compatibilityVersion = "Xcode 8.0";
			developmentRegion = en;
			hasScannedForEncodings = 0;
			knownRegions = (
				en,
				Base,
			);
			mainGroup = 1678F9C41EF475FE005697CB;
			productRefGroup = 1678F9CE1EF475FE005697CB /* Products */;
			projectDirPath = "";
			projectRoot = "";
			targets = (
				1678F9CC1EF475FE005697CB /* Gladys */,
				16287AE61EFB03FD007188AE /* GladysIndex */,
				1619E8111EFF3745000087DD /* GladysFiles */,
				1641368C1F09195000B34574 /* GladysAction */,
				167573FE1F12C22500385079 /* GladysFramework */,
			);
		};
/* End PBXProject section */

/* Begin PBXResourcesBuildPhase section */
		1619E8101EFF3745000087DD /* Resources */ = {
			isa = PBXResourcesBuildPhase;
			buildActionMask = 2147483647;
			files = (
			);
			runOnlyForDeploymentPostprocessing = 0;
		};
		16287AE51EFB03FD007188AE /* Resources */ = {
			isa = PBXResourcesBuildPhase;
			buildActionMask = 2147483647;
			files = (
			);
			runOnlyForDeploymentPostprocessing = 0;
		};
		1641368B1F09195000B34574 /* Resources */ = {
			isa = PBXResourcesBuildPhase;
			buildActionMask = 2147483647;
			files = (
				1604A3381F093073005A477E /* Assets.xcassets in Resources */,
				1605C5FC1F13A95600F54B19 /* MainInterface.storyboard in Resources */,
			);
			runOnlyForDeploymentPostprocessing = 0;
		};
		167573FD1F12C22500385079 /* Resources */ = {
			isa = PBXResourcesBuildPhase;
			buildActionMask = 2147483647;
			files = (
				1675740C1F12C2A500385079 /* AppleIncRootCertificate.cer in Resources */,
			);
			runOnlyForDeploymentPostprocessing = 0;
		};
		1678F9CB1EF475FE005697CB /* Resources */ = {
			isa = PBXResourcesBuildPhase;
			buildActionMask = 2147483647;
			files = (
				16D2C7161EF5A829009B97F9 /* Main.storyboard in Resources */,
				1678F9DB1EF475FF005697CB /* LaunchScreen.storyboard in Resources */,
				1678F9D81EF475FF005697CB /* Assets.xcassets in Resources */,
			);
			runOnlyForDeploymentPostprocessing = 0;
		};
/* End PBXResourcesBuildPhase section */

/* Begin PBXShellScriptBuildPhase section */
		1645F2D01F12DE0B00CF6506 /* Carthage Strip Frameworks */ = {
			isa = PBXShellScriptBuildPhase;
			buildActionMask = 2147483647;
			files = (
			);
			inputPaths = (
				"$(SRCROOT)/Carthage/Build/iOS/Fuzi.framework",
			);
			name = "Carthage Strip Frameworks";
			outputPaths = (
				"$(BUILT_PRODUCTS_DIR)/$(FRAMEWORKS_FOLDER_PATH)/Fuzi.framework",
			);
			runOnlyForDeploymentPostprocessing = 0;
			shellPath = /bin/sh;
			shellScript = "/usr/local/bin/carthage copy-frameworks";
		};
		16C00B1C1F2002AB00A88BCA /* Set Build Number */ = {
			isa = PBXShellScriptBuildPhase;
			buildActionMask = 2147483647;
			files = (
			);
			inputPaths = (
			);
			name = "Set Build Number";
			outputPaths = (
			);
			runOnlyForDeploymentPostprocessing = 0;
			shellPath = /bin/sh;
			shellScript = "# Set the build number to the count of Git commits\nbuildNumber=$(git rev-list HEAD | wc -l | tr -d ' ')\n/usr/libexec/PlistBuddy -c \"Set :CFBundleVersion $buildNumber\" \"${PROJECT_DIR}/${INFOPLIST_FILE}\"";
		};
		16C00B1D1F2002EA00A88BCA /* Set Build Number */ = {
			isa = PBXShellScriptBuildPhase;
			buildActionMask = 2147483647;
			files = (
			);
			inputPaths = (
			);
			name = "Set Build Number";
			outputPaths = (
			);
			runOnlyForDeploymentPostprocessing = 0;
			shellPath = /bin/sh;
			shellScript = "# Set the build number to the count of Git commits\nbuildNumber=$(git rev-list HEAD | wc -l | tr -d ' ')\n/usr/libexec/PlistBuddy -c \"Set :CFBundleVersion $buildNumber\" \"${PROJECT_DIR}/${INFOPLIST_FILE}\"";
		};
		16C00B1E1F20030C00A88BCA /* Set Build Number */ = {
			isa = PBXShellScriptBuildPhase;
			buildActionMask = 2147483647;
			files = (
			);
			inputPaths = (
			);
			name = "Set Build Number";
			outputPaths = (
			);
			runOnlyForDeploymentPostprocessing = 0;
			shellPath = /bin/sh;
			shellScript = "# Set the build number to the count of Git commits\nbuildNumber=$(git rev-list HEAD | wc -l | tr -d ' ')\n/usr/libexec/PlistBuddy -c \"Set :CFBundleVersion $buildNumber\" \"${PROJECT_DIR}/${INFOPLIST_FILE}\"";
		};
		16C00B1F1F20031400A88BCA /* Set Build Number */ = {
			isa = PBXShellScriptBuildPhase;
			buildActionMask = 2147483647;
			files = (
			);
			inputPaths = (
			);
			name = "Set Build Number";
			outputPaths = (
			);
			runOnlyForDeploymentPostprocessing = 0;
			shellPath = /bin/sh;
			shellScript = "# Set the build number to the count of Git commits\nbuildNumber=$(git rev-list HEAD | wc -l | tr -d ' ')\n/usr/libexec/PlistBuddy -c \"Set :CFBundleVersion $buildNumber\" \"${PROJECT_DIR}/${INFOPLIST_FILE}\"";
		};
		16C00B201F20036400A88BCA /* Restore Build Number */ = {
			isa = PBXShellScriptBuildPhase;
			buildActionMask = 2147483647;
			files = (
			);
			inputPaths = (
			);
			name = "Restore Build Number";
			outputPaths = (
			);
			runOnlyForDeploymentPostprocessing = 0;
			shellPath = /bin/sh;
			shellScript = "# Set the build number to \"DEVELOPMENT\"\n/usr/libexec/PlistBuddy -c \"Set :CFBundleVersion 1\" \"${PROJECT_DIR}/${INFOPLIST_FILE}\"";
		};
		16C00B211F20037900A88BCA /* Restore Build Number */ = {
			isa = PBXShellScriptBuildPhase;
			buildActionMask = 2147483647;
			files = (
			);
			inputPaths = (
			);
			name = "Restore Build Number";
			outputPaths = (
			);
			runOnlyForDeploymentPostprocessing = 0;
			shellPath = /bin/sh;
			shellScript = "# Set the build number to \"DEVELOPMENT\"\n/usr/libexec/PlistBuddy -c \"Set :CFBundleVersion 1\" \"${PROJECT_DIR}/${INFOPLIST_FILE}\"";
		};
		16C00B221F20038500A88BCA /* Restore Build Number */ = {
			isa = PBXShellScriptBuildPhase;
			buildActionMask = 2147483647;
			files = (
			);
			inputPaths = (
			);
			name = "Restore Build Number";
			outputPaths = (
			);
			runOnlyForDeploymentPostprocessing = 0;
			shellPath = /bin/sh;
			shellScript = "# Set the build number to \"DEVELOPMENT\"\n/usr/libexec/PlistBuddy -c \"Set :CFBundleVersion 1\" \"${PROJECT_DIR}/${INFOPLIST_FILE}\"";
		};
		16C00B231F20039400A88BCA /* Restore Build Number */ = {
			isa = PBXShellScriptBuildPhase;
			buildActionMask = 2147483647;
			files = (
			);
			inputPaths = (
			);
			name = "Restore Build Number";
			outputPaths = (
			);
			runOnlyForDeploymentPostprocessing = 0;
			shellPath = /bin/sh;
			shellScript = "# Set the build number to \"DEVELOPMENT\"\n/usr/libexec/PlistBuddy -c \"Set :CFBundleVersion 1\" \"${PROJECT_DIR}/${INFOPLIST_FILE}\"";
		};
/* End PBXShellScriptBuildPhase section */

/* Begin PBXSourcesBuildPhase section */
		1619E80E1EFF3745000087DD /* Sources */ = {
			isa = PBXSourcesBuildPhase;
			buildActionMask = 2147483647;
			files = (
				1619E8151EFF3745000087DD /* FileProviderExtension.swift in Sources */,
				169763181F1566DE00537776 /* ArchivedDropItemType+Tagging.swift in Sources */,
				1619E8171EFF3745000087DD /* FileProviderItem.swift in Sources */,
				1619E8231EFF3A64000087DD /* ArchivedDropItem.swift in Sources */,
				1619E8251EFF3B54000087DD /* Types.swift in Sources */,
				1619E8241EFF3A66000087DD /* ArchivedDropItemType.swift in Sources */,
				1619E8191EFF3745000087DD /* FileProviderEnumerator.swift in Sources */,
				1619E8221EFF3A36000087DD /* Model.swift in Sources */,
				1697631A1F15680600537776 /* ArchivedDropItem+Tagging.swift in Sources */,
			);
			runOnlyForDeploymentPostprocessing = 0;
		};
		16287AE31EFB03FD007188AE /* Sources */ = {
			isa = PBXSourcesBuildPhase;
			buildActionMask = 2147483647;
			files = (
				16287AEA1EFB03FD007188AE /* IndexRequestHandler.swift in Sources */,
				16287AF61EFB05E4007188AE /* ArchivedDropItemType.swift in Sources */,
				16287AF41EFB05D7007188AE /* Model.swift in Sources */,
				169763251F1573D700537776 /* ArchivedDropItem+Indexing.swift in Sources */,
				16287AF71EFB05E9007188AE /* Types.swift in Sources */,
				16287AF51EFB05E0007188AE /* ArchivedDropItem.swift in Sources */,
				16287AF81EFB05EC007188AE /* PopTimer.swift in Sources */,
			);
			runOnlyForDeploymentPostprocessing = 0;
		};
		164136891F09195000B34574 /* Sources */ = {
			isa = PBXSourcesBuildPhase;
			buildActionMask = 2147483647;
			files = (
				1604A3351F091D79005A477E /* Types.swift in Sources */,
				1604A3361F091D7D005A477E /* ArchivedDropItemType.swift in Sources */,
				1604A3371F091D80005A477E /* ArchivedDropItem.swift in Sources */,
				169763161F15669700537776 /* ArchivedDropItemType+Ingest.swift in Sources */,
				164136901F09195000B34574 /* ActionRequestViewController.swift in Sources */,
				1697631F1F156C5800537776 /* ArchivedDropItemType+Loading.swift in Sources */,
				1604A3341F091D76005A477E /* Model.swift in Sources */,
			);
			runOnlyForDeploymentPostprocessing = 0;
		};
		167573FA1F12C22500385079 /* Sources */ = {
			isa = PBXSourcesBuildPhase;
			buildActionMask = 2147483647;
			files = (
				1675740D1F12C2A800385079 /* VerifyReceipt.m in Sources */,
			);
			runOnlyForDeploymentPostprocessing = 0;
		};
		1678F9C91EF475FE005697CB /* Sources */ = {
			isa = PBXSourcesBuildPhase;
			buildActionMask = 2147483647;
			files = (
				169763211F156CBE00537776 /* ArchivedDropItem+UI.swift in Sources */,
				16062E0C1EFE705800AB5353 /* DetailCell.swift in Sources */,
				16101E8A1EF5A1A000CCBD3C /* ArchivedDropItemType.swift in Sources */,
				1678F9D31EF475FF005697CB /* ViewController.swift in Sources */,
				169763231F156E0700537776 /* ArchivedDropItem+Indexing.swift in Sources */,
				16A223E31EF67959009EEEBC /* PopTimer.swift in Sources */,
				163845FC1EF8629700CB8D97 /* Types.swift in Sources */,
				16D2C7131EF5A6E6009B97F9 /* ArchivedItemCell.swift in Sources */,
				1678F9D11EF475FE005697CB /* AppDelegate.swift in Sources */,
				16101E8C1EF5A1EB00CCBD3C /* ArchivedDropItem.swift in Sources */,
				169763151F15669000537776 /* ArchivedDropItemType+UI.swift in Sources */,
				16062E091EFE647800AB5353 /* DetailController.swift in Sources */,
				169763141F15669000537776 /* ArchivedDropItemType+Ingest.swift in Sources */,
				1697631E1F156C5800537776 /* ArchivedDropItemType+Loading.swift in Sources */,
				16A223E51EF67FC7009EEEBC /* Model.swift in Sources */,
			);
			runOnlyForDeploymentPostprocessing = 0;
		};
/* End PBXSourcesBuildPhase section */

/* Begin PBXTargetDependency section */
		1619E81D1EFF3745000087DD /* PBXTargetDependency */ = {
			isa = PBXTargetDependency;
			target = 1619E8111EFF3745000087DD /* GladysFiles */;
			targetProxy = 1619E81C1EFF3745000087DD /* PBXContainerItemProxy */;
		};
		16287AED1EFB03FD007188AE /* PBXTargetDependency */ = {
			isa = PBXTargetDependency;
			target = 16287AE61EFB03FD007188AE /* GladysIndex */;
			targetProxy = 16287AEC1EFB03FD007188AE /* PBXContainerItemProxy */;
		};
		164136951F09195000B34574 /* PBXTargetDependency */ = {
			isa = PBXTargetDependency;
			target = 1641368C1F09195000B34574 /* GladysAction */;
			targetProxy = 164136941F09195000B34574 /* PBXContainerItemProxy */;
		};
		169426481F12D2F800F3A0A4 /* PBXTargetDependency */ = {
			isa = PBXTargetDependency;
			target = 167573FE1F12C22500385079 /* GladysFramework */;
			targetProxy = 169426471F12D2F800F3A0A4 /* PBXContainerItemProxy */;
		};
		16B552831F12E5C200641009 /* PBXTargetDependency */ = {
			isa = PBXTargetDependency;
			target = 167573FE1F12C22500385079 /* GladysFramework */;
			targetProxy = 16B552821F12E5C200641009 /* PBXContainerItemProxy */;
		};
/* End PBXTargetDependency section */

/* Begin PBXVariantGroup section */
		1678F9D91EF475FF005697CB /* LaunchScreen.storyboard */ = {
			isa = PBXVariantGroup;
			children = (
				1678F9DA1EF475FF005697CB /* Base */,
			);
			name = LaunchScreen.storyboard;
			sourceTree = "<group>";
		};
		16D2C7141EF5A744009B97F9 /* Main.storyboard */ = {
			isa = PBXVariantGroup;
			children = (
				16D2C7151EF5A744009B97F9 /* Base */,
			);
			name = Main.storyboard;
			sourceTree = "<group>";
		};
/* End PBXVariantGroup section */

/* Begin XCBuildConfiguration section */
		1694264E1F12D58700F3A0A4 /* Debug */ = {
			isa = XCBuildConfiguration;
			buildSettings = {
				ALWAYS_SEARCH_USER_PATHS = NO;
				CLANG_ANALYZER_NONNULL = YES;
				CLANG_ANALYZER_NUMBER_OBJECT_CONVERSION = YES_AGGRESSIVE;
				CLANG_CXX_LIBRARY = "libc++";
				CLANG_ENABLE_MODULES = YES;
				CLANG_ENABLE_OBJC_ARC = YES;
				CLANG_WARN_BLOCK_CAPTURE_AUTORELEASING = YES;
				CLANG_WARN_BOOL_CONVERSION = YES;
				CLANG_WARN_COMMA = YES;
				CLANG_WARN_CONSTANT_CONVERSION = YES;
				CLANG_WARN_DIRECT_OBJC_ISA_USAGE = YES_ERROR;
				CLANG_WARN_EMPTY_BODY = YES;
				CLANG_WARN_ENUM_CONVERSION = YES;
				CLANG_WARN_INFINITE_RECURSION = YES;
				CLANG_WARN_INT_CONVERSION = YES;
				CLANG_WARN_NON_LITERAL_NULL_CONVERSION = YES;
				CLANG_WARN_OBJC_LITERAL_CONVERSION = YES;
				CLANG_WARN_OBJC_ROOT_CLASS = YES_ERROR;
				CLANG_WARN_RANGE_LOOP_ANALYSIS = YES;
				CLANG_WARN_STRICT_PROTOTYPES = YES;
				CLANG_WARN_SUSPICIOUS_MOVE = YES;
				CLANG_WARN_UNGUARDED_AVAILABILITY = YES_AGGRESSIVE;
				CLANG_WARN_UNREACHABLE_CODE = YES;
				CLANG_WARN__DUPLICATE_METHOD_MATCH = YES;
				CODE_SIGN_IDENTITY = "iPhone Developer";
				COPY_PHASE_STRIP = NO;
				DEBUG_INFORMATION_FORMAT = dwarf;
				DEVELOPMENT_TEAM = X727JSJUGJ;
				ENABLE_BITCODE = NO;
				ENABLE_STRICT_OBJC_MSGSEND = YES;
				ENABLE_TESTABILITY = YES;
				GCC_DYNAMIC_NO_PIC = NO;
				GCC_NO_COMMON_BLOCKS = YES;
				GCC_OPTIMIZATION_LEVEL = 0;
				GCC_PREPROCESSOR_DEFINITIONS = (
					"DEBUG=1",
					"$(inherited)",
				);
				GCC_WARN_64_TO_32_BIT_CONVERSION = YES;
				GCC_WARN_ABOUT_RETURN_TYPE = YES_ERROR;
				GCC_WARN_UNDECLARED_SELECTOR = YES;
				GCC_WARN_UNINITIALIZED_AUTOS = YES_AGGRESSIVE;
				GCC_WARN_UNUSED_FUNCTION = YES;
				GCC_WARN_UNUSED_VARIABLE = YES;
				IPHONEOS_DEPLOYMENT_TARGET = 11.0;
				MTL_ENABLE_DEBUG_INFO = YES;
				ONLY_ACTIVE_ARCH = YES;
				SDKROOT = iphoneos;
				SWIFT_ACTIVE_COMPILATION_CONDITIONS = DEBUG;
				SWIFT_OPTIMIZATION_LEVEL = "-Onone";
				SWIFT_VERSION = 4.0;
			};
			name = Debug;
		};
		1694264F1F12D58700F3A0A4 /* Debug */ = {
			isa = XCBuildConfiguration;
			buildSettings = {
				ASSETCATALOG_COMPILER_APPICON_NAME = AppIcon;
				CLANG_ENABLE_MODULES = YES;
				CODE_SIGN_ENTITLEMENTS = Gladys/Gladys.entitlements;
				FRAMEWORK_SEARCH_PATHS = (
					"$(inherited)",
					"$(PROJECT_DIR)/Carthage/Build/iOS",
				);
				HEADER_SEARCH_PATHS = "$(SDK_ROOT)/usr/include/libxml2";
				INFOPLIST_FILE = Gladys/Info.plist;
				LD_RUNPATH_SEARCH_PATHS = "$(inherited) @executable_path/Frameworks";
				OTHER_LDFLAGS = "-lxml2";
				PRODUCT_BUNDLE_IDENTIFIER = build.bru.Gladys;
				PRODUCT_NAME = "$(TARGET_NAME)";
				SWIFT_ACTIVE_COMPILATION_CONDITIONS = "DEBUG MAINAPP";
				SWIFT_INCLUDE_PATHS = "$(SRCROOT)/libxml2";
				SWIFT_OPTIMIZATION_LEVEL = "-Onone";
				TARGETED_DEVICE_FAMILY = 2;
			};
			name = Debug;
		};
		169426501F12D58700F3A0A4 /* Debug */ = {
			isa = XCBuildConfiguration;
			buildSettings = {
				CODE_SIGN_ENTITLEMENTS = GladysIndex/GladysIndex.entitlements;
				INFOPLIST_FILE = GladysIndex/Info.plist;
				LD_RUNPATH_SEARCH_PATHS = "$(inherited) @executable_path/Frameworks @executable_path/../../Frameworks";
				PRODUCT_BUNDLE_IDENTIFIER = build.bru.Gladys.GladysIndex;
				PRODUCT_NAME = "$(TARGET_NAME)";
				SKIP_INSTALL = YES;
				SWIFT_ACTIVE_COMPILATION_CONDITIONS = "DEBUG INDEXER";
				TARGETED_DEVICE_FAMILY = 2;
			};
			name = Debug;
		};
		169426511F12D58700F3A0A4 /* Debug */ = {
			isa = XCBuildConfiguration;
			buildSettings = {
				CODE_SIGN_ENTITLEMENTS = GladysFiles/GladysFiles.entitlements;
				INFOPLIST_FILE = GladysFiles/Info.plist;
				LD_RUNPATH_SEARCH_PATHS = "$(inherited) @executable_path/Frameworks @executable_path/../../Frameworks";
				PRODUCT_BUNDLE_IDENTIFIER = build.bru.Gladys.GladysFiles;
				PRODUCT_NAME = "$(TARGET_NAME)";
				SKIP_INSTALL = YES;
				SWIFT_ACTIVE_COMPILATION_CONDITIONS = "DEBUG FILEPROVIDER";
				TARGETED_DEVICE_FAMILY = 2;
			};
			name = Debug;
		};
		169426521F12D58700F3A0A4 /* Debug */ = {
			isa = XCBuildConfiguration;
			buildSettings = {
				ASSETCATALOG_COMPILER_APPICON_NAME = "AppIcon-Extension";
				CODE_SIGN_ENTITLEMENTS = GladysAction/GladysAction.entitlements;
				FRAMEWORK_SEARCH_PATHS = (
					"$(inherited)",
					"$(PROJECT_DIR)/Carthage/Build/iOS",
				);
				HEADER_SEARCH_PATHS = "$(SDK_ROOT)/usr/include/libxml2";
				INFOPLIST_FILE = GladysAction/Info.plist;
				LD_RUNPATH_SEARCH_PATHS = "$(inherited) @executable_path/Frameworks @executable_path/../../Frameworks";
				OTHER_LDFLAGS = "-lxml2";
				PRODUCT_BUNDLE_IDENTIFIER = build.bru.Gladys.GladysAction;
				PRODUCT_NAME = "$(TARGET_NAME)";
				SKIP_INSTALL = YES;
				SWIFT_ACTIVE_COMPILATION_CONDITIONS = "DEBUG ACTIONEXTENSION";
				SWIFT_INCLUDE_PATHS = "$(SRCROOT)/libxml2";
				TARGETED_DEVICE_FAMILY = 2;
			};
			name = Debug;
		};
		169426531F12D58700F3A0A4 /* Debug */ = {
			isa = XCBuildConfiguration;
			buildSettings = {
				APPLICATION_EXTENSION_API_ONLY = YES;
				CLANG_CXX_LANGUAGE_STANDARD = "gnu++14";
				CODE_SIGN_IDENTITY = "";
				CURRENT_PROJECT_VERSION = 1;
				DEFINES_MODULE = YES;
				DYLIB_COMPATIBILITY_VERSION = 1;
				DYLIB_CURRENT_VERSION = 1;
				DYLIB_INSTALL_NAME_BASE = "@rpath";
				GCC_C_LANGUAGE_STANDARD = gnu11;
				HEADER_SEARCH_PATHS = "$(SRCROOT)/GladysFramework/openssl/includes";
				INFOPLIST_FILE = GladysFramework/Info.plist;
				INSTALL_PATH = "$(LOCAL_LIBRARY_DIR)/Frameworks";
				LD_RUNPATH_SEARCH_PATHS = "$(inherited) @executable_path/Frameworks @loader_path/Frameworks";
				LIBRARY_SEARCH_PATHS = (
					"$(inherited)",
					"$(PROJECT_DIR)/GladysFramework/openssl",
				);
				PRODUCT_BUNDLE_IDENTIFIER = build.bru.Gladys.GladysFramework;
				PRODUCT_NAME = "$(TARGET_NAME:c99extidentifier)";
				SKIP_INSTALL = YES;
				SWIFT_VERSION = 4.0;
				TARGETED_DEVICE_FAMILY = "1,2";
				VERSIONING_SYSTEM = "apple-generic";
				VERSION_INFO_PREFIX = "";
			};
			name = Debug;
		};
		169426541F12D59B00F3A0A4 /* Release */ = {
			isa = XCBuildConfiguration;
			buildSettings = {
				ALWAYS_SEARCH_USER_PATHS = NO;
				CLANG_ANALYZER_NONNULL = YES;
				CLANG_ANALYZER_NUMBER_OBJECT_CONVERSION = YES_AGGRESSIVE;
				CLANG_CXX_LIBRARY = "libc++";
				CLANG_ENABLE_MODULES = YES;
				CLANG_ENABLE_OBJC_ARC = YES;
				CLANG_WARN_BLOCK_CAPTURE_AUTORELEASING = YES;
				CLANG_WARN_BOOL_CONVERSION = YES;
				CLANG_WARN_COMMA = YES;
				CLANG_WARN_CONSTANT_CONVERSION = YES;
				CLANG_WARN_DIRECT_OBJC_ISA_USAGE = YES_ERROR;
				CLANG_WARN_EMPTY_BODY = YES;
				CLANG_WARN_ENUM_CONVERSION = YES;
				CLANG_WARN_INFINITE_RECURSION = YES;
				CLANG_WARN_INT_CONVERSION = YES;
				CLANG_WARN_NON_LITERAL_NULL_CONVERSION = YES;
				CLANG_WARN_OBJC_LITERAL_CONVERSION = YES;
				CLANG_WARN_OBJC_ROOT_CLASS = YES_ERROR;
				CLANG_WARN_RANGE_LOOP_ANALYSIS = YES;
				CLANG_WARN_STRICT_PROTOTYPES = YES;
				CLANG_WARN_SUSPICIOUS_MOVE = YES;
				CLANG_WARN_UNGUARDED_AVAILABILITY = YES_AGGRESSIVE;
				CLANG_WARN_UNREACHABLE_CODE = YES;
				CLANG_WARN__DUPLICATE_METHOD_MATCH = YES;
				CODE_SIGN_IDENTITY = "iPhone Developer";
				COPY_PHASE_STRIP = NO;
				DEBUG_INFORMATION_FORMAT = "dwarf-with-dsym";
				DEVELOPMENT_TEAM = X727JSJUGJ;
				ENABLE_BITCODE = NO;
				ENABLE_NS_ASSERTIONS = NO;
				ENABLE_STRICT_OBJC_MSGSEND = YES;
				GCC_NO_COMMON_BLOCKS = YES;
				GCC_WARN_64_TO_32_BIT_CONVERSION = YES;
				GCC_WARN_ABOUT_RETURN_TYPE = YES_ERROR;
				GCC_WARN_UNDECLARED_SELECTOR = YES;
				GCC_WARN_UNINITIALIZED_AUTOS = YES_AGGRESSIVE;
				GCC_WARN_UNUSED_FUNCTION = YES;
				GCC_WARN_UNUSED_VARIABLE = YES;
				IPHONEOS_DEPLOYMENT_TARGET = 11.0;
				MTL_ENABLE_DEBUG_INFO = NO;
				SDKROOT = iphoneos;
				SWIFT_OPTIMIZATION_LEVEL = "-Owholemodule";
				SWIFT_VERSION = 4.0;
				VALIDATE_PRODUCT = YES;
			};
			name = Release;
		};
		169426551F12D59B00F3A0A4 /* Release */ = {
			isa = XCBuildConfiguration;
			buildSettings = {
				ASSETCATALOG_COMPILER_APPICON_NAME = AppIcon;
				CLANG_ENABLE_MODULES = YES;
				CODE_SIGN_ENTITLEMENTS = Gladys/Gladys.entitlements;
				FRAMEWORK_SEARCH_PATHS = (
					"$(inherited)",
					"$(PROJECT_DIR)/Carthage/Build/iOS",
				);
				HEADER_SEARCH_PATHS = "$(SDK_ROOT)/usr/include/libxml2";
				INFOPLIST_FILE = Gladys/Info.plist;
				LD_RUNPATH_SEARCH_PATHS = "$(inherited) @executable_path/Frameworks";
				OTHER_LDFLAGS = "-lxml2";
				PRODUCT_BUNDLE_IDENTIFIER = build.bru.Gladys;
				PRODUCT_NAME = "$(TARGET_NAME)";
				SWIFT_ACTIVE_COMPILATION_CONDITIONS = MAINAPP;
				SWIFT_INCLUDE_PATHS = "$(SRCROOT)/libxml2";
				TARGETED_DEVICE_FAMILY = 2;
			};
			name = Release;
		};
		169426561F12D59B00F3A0A4 /* Release */ = {
			isa = XCBuildConfiguration;
			buildSettings = {
				CODE_SIGN_ENTITLEMENTS = GladysIndex/GladysIndex.entitlements;
				INFOPLIST_FILE = GladysIndex/Info.plist;
				LD_RUNPATH_SEARCH_PATHS = "$(inherited) @executable_path/Frameworks @executable_path/../../Frameworks";
				PRODUCT_BUNDLE_IDENTIFIER = build.bru.Gladys.GladysIndex;
				PRODUCT_NAME = "$(TARGET_NAME)";
				SKIP_INSTALL = YES;
				SWIFT_ACTIVE_COMPILATION_CONDITIONS = INDEXER;
				TARGETED_DEVICE_FAMILY = 2;
			};
			name = Release;
		};
		169426571F12D59B00F3A0A4 /* Release */ = {
			isa = XCBuildConfiguration;
			buildSettings = {
				CODE_SIGN_ENTITLEMENTS = GladysFiles/GladysFiles.entitlements;
				INFOPLIST_FILE = GladysFiles/Info.plist;
				LD_RUNPATH_SEARCH_PATHS = "$(inherited) @executable_path/Frameworks @executable_path/../../Frameworks";
				PRODUCT_BUNDLE_IDENTIFIER = build.bru.Gladys.GladysFiles;
				PRODUCT_NAME = "$(TARGET_NAME)";
				SKIP_INSTALL = YES;
				SWIFT_ACTIVE_COMPILATION_CONDITIONS = FILEPROVIDER;
				TARGETED_DEVICE_FAMILY = 2;
			};
			name = Release;
		};
		169426581F12D59B00F3A0A4 /* Release */ = {
			isa = XCBuildConfiguration;
			buildSettings = {
				ASSETCATALOG_COMPILER_APPICON_NAME = "AppIcon-Extension";
				CODE_SIGN_ENTITLEMENTS = GladysAction/GladysAction.entitlements;
				FRAMEWORK_SEARCH_PATHS = (
					"$(inherited)",
					"$(PROJECT_DIR)/Carthage/Build/iOS",
				);
				HEADER_SEARCH_PATHS = "$(SDK_ROOT)/usr/include/libxml2";
				INFOPLIST_FILE = GladysAction/Info.plist;
				LD_RUNPATH_SEARCH_PATHS = "$(inherited) @executable_path/Frameworks @executable_path/../../Frameworks";
				OTHER_LDFLAGS = "-lxml2";
				PRODUCT_BUNDLE_IDENTIFIER = build.bru.Gladys.GladysAction;
				PRODUCT_NAME = "$(TARGET_NAME)";
				SKIP_INSTALL = YES;
				SWIFT_ACTIVE_COMPILATION_CONDITIONS = ACTIONEXTENSION;
				SWIFT_INCLUDE_PATHS = "$(SRCROOT)/libxml2";
				TARGETED_DEVICE_FAMILY = 2;
			};
			name = Release;
		};
		169426591F12D59B00F3A0A4 /* Release */ = {
			isa = XCBuildConfiguration;
			buildSettings = {
				APPLICATION_EXTENSION_API_ONLY = YES;
				CLANG_CXX_LANGUAGE_STANDARD = "gnu++14";
				CODE_SIGN_IDENTITY = "";
				CURRENT_PROJECT_VERSION = 1;
				DEFINES_MODULE = YES;
				DYLIB_COMPATIBILITY_VERSION = 1;
				DYLIB_CURRENT_VERSION = 1;
				DYLIB_INSTALL_NAME_BASE = "@rpath";
				GCC_C_LANGUAGE_STANDARD = gnu11;
				HEADER_SEARCH_PATHS = "$(SRCROOT)/GladysFramework/openssl/includes";
				INFOPLIST_FILE = GladysFramework/Info.plist;
				INSTALL_PATH = "$(LOCAL_LIBRARY_DIR)/Frameworks";
				LD_RUNPATH_SEARCH_PATHS = "$(inherited) @executable_path/Frameworks @loader_path/Frameworks";
				LIBRARY_SEARCH_PATHS = (
					"$(inherited)",
					"$(PROJECT_DIR)/GladysFramework/openssl",
				);
				PRODUCT_BUNDLE_IDENTIFIER = build.bru.Gladys.GladysFramework;
				PRODUCT_NAME = "$(TARGET_NAME:c99extidentifier)";
				SKIP_INSTALL = YES;
				SWIFT_VERSION = 4.0;
				TARGETED_DEVICE_FAMILY = "1,2";
				VERSIONING_SYSTEM = "apple-generic";
				VERSION_INFO_PREFIX = "";
			};
			name = Release;
		};
/* End XCBuildConfiguration section */

/* Begin XCConfigurationList section */
		1619E8211EFF3745000087DD /* Build configuration list for PBXNativeTarget "GladysFiles" */ = {
			isa = XCConfigurationList;
			buildConfigurations = (
				169426511F12D58700F3A0A4 /* Debug */,
				169426571F12D59B00F3A0A4 /* Release */,
			);
			defaultConfigurationIsVisible = 0;
			defaultConfigurationName = Debug;
		};
		16287AF11EFB03FD007188AE /* Build configuration list for PBXNativeTarget "GladysIndex" */ = {
			isa = XCConfigurationList;
			buildConfigurations = (
				169426501F12D58700F3A0A4 /* Debug */,
				169426561F12D59B00F3A0A4 /* Release */,
			);
			defaultConfigurationIsVisible = 0;
			defaultConfigurationName = Debug;
		};
		164136991F09195000B34574 /* Build configuration list for PBXNativeTarget "GladysAction" */ = {
			isa = XCConfigurationList;
			buildConfigurations = (
				169426521F12D58700F3A0A4 /* Debug */,
				169426581F12D59B00F3A0A4 /* Release */,
			);
			defaultConfigurationIsVisible = 0;
			defaultConfigurationName = Debug;
		};
		167574091F12C22500385079 /* Build configuration list for PBXNativeTarget "GladysFramework" */ = {
			isa = XCConfigurationList;
			buildConfigurations = (
				169426531F12D58700F3A0A4 /* Debug */,
				169426591F12D59B00F3A0A4 /* Release */,
			);
			defaultConfigurationIsVisible = 0;
			defaultConfigurationName = Debug;
		};
		1678F9C81EF475FE005697CB /* Build configuration list for PBXProject "Gladys" */ = {
			isa = XCConfigurationList;
			buildConfigurations = (
				1694264E1F12D58700F3A0A4 /* Debug */,
				169426541F12D59B00F3A0A4 /* Release */,
			);
			defaultConfigurationIsVisible = 0;
			defaultConfigurationName = Debug;
		};
		1678F9DF1EF475FF005697CB /* Build configuration list for PBXNativeTarget "Gladys" */ = {
			isa = XCConfigurationList;
			buildConfigurations = (
				1694264F1F12D58700F3A0A4 /* Debug */,
				169426551F12D59B00F3A0A4 /* Release */,
			);
			defaultConfigurationIsVisible = 0;
			defaultConfigurationName = Debug;
		};
/* End XCConfigurationList section */
	};
	rootObject = 1678F9C51EF475FE005697CB /* Project object */;
}
