// !$*UTF8*$!
{
	archiveVersion = 1;
	classes = {
	};
	objectVersion = 48;
	objects = {

/* Begin PBXBuildFile section */
		16101E8A1EF5A1A000CCBD3C /* ArchivedDropItemType.swift in Sources */ = {isa = PBXBuildFile; fileRef = 16101E891EF5A1A000CCBD3C /* ArchivedDropItemType.swift */; };
		16101E8C1EF5A1EB00CCBD3C /* ArchivedDropItem.swift in Sources */ = {isa = PBXBuildFile; fileRef = 16101E8B1EF5A1EB00CCBD3C /* ArchivedDropItem.swift */; };
		163845FC1EF8629700CB8D97 /* Types.swift in Sources */ = {isa = PBXBuildFile; fileRef = 163845FB1EF8629700CB8D97 /* Types.swift */; };
		1678F9D11EF475FE005697CB /* AppDelegate.swift in Sources */ = {isa = PBXBuildFile; fileRef = 1678F9D01EF475FE005697CB /* AppDelegate.swift */; };
		1678F9D31EF475FF005697CB /* ViewController.swift in Sources */ = {isa = PBXBuildFile; fileRef = 1678F9D21EF475FF005697CB /* ViewController.swift */; };
		1678F9D81EF475FF005697CB /* Assets.xcassets in Resources */ = {isa = PBXBuildFile; fileRef = 1678F9D71EF475FF005697CB /* Assets.xcassets */; };
		1678F9DB1EF475FF005697CB /* LaunchScreen.storyboard in Resources */ = {isa = PBXBuildFile; fileRef = 1678F9D91EF475FF005697CB /* LaunchScreen.storyboard */; };
		16A223E31EF67959009EEEBC /* PopTimer.swift in Sources */ = {isa = PBXBuildFile; fileRef = 16A223E21EF67959009EEEBC /* PopTimer.swift */; };
		16A223E51EF67FC7009EEEBC /* Model.swift in Sources */ = {isa = PBXBuildFile; fileRef = 16A223E41EF67FC7009EEEBC /* Model.swift */; };
		16D2C7131EF5A6E6009B97F9 /* ArchivedItemCell.swift in Sources */ = {isa = PBXBuildFile; fileRef = 16D2C7121EF5A6E6009B97F9 /* ArchivedItemCell.swift */; };
		16D2C7161EF5A829009B97F9 /* Main.storyboard in Resources */ = {isa = PBXBuildFile; fileRef = 16D2C7141EF5A744009B97F9 /* Main.storyboard */; };
/* End PBXBuildFile section */

/* Begin PBXFileReference section */
		16101E891EF5A1A000CCBD3C /* ArchivedDropItemType.swift */ = {isa = PBXFileReference; lastKnownFileType = sourcecode.swift; path = ArchivedDropItemType.swift; sourceTree = "<group>"; };
		16101E8B1EF5A1EB00CCBD3C /* ArchivedDropItem.swift */ = {isa = PBXFileReference; lastKnownFileType = sourcecode.swift; path = ArchivedDropItem.swift; sourceTree = "<group>"; };
		163845FB1EF8629700CB8D97 /* Types.swift */ = {isa = PBXFileReference; lastKnownFileType = sourcecode.swift; path = Types.swift; sourceTree = "<group>"; };
		1678F9CD1EF475FE005697CB /* Gladys.app */ = {isa = PBXFileReference; explicitFileType = wrapper.application; includeInIndex = 0; path = Gladys.app; sourceTree = BUILT_PRODUCTS_DIR; };
		1678F9D01EF475FE005697CB /* AppDelegate.swift */ = {isa = PBXFileReference; lastKnownFileType = sourcecode.swift; path = AppDelegate.swift; sourceTree = "<group>"; };
		1678F9D21EF475FF005697CB /* ViewController.swift */ = {isa = PBXFileReference; lastKnownFileType = sourcecode.swift; path = ViewController.swift; sourceTree = "<group>"; };
		1678F9D71EF475FF005697CB /* Assets.xcassets */ = {isa = PBXFileReference; lastKnownFileType = folder.assetcatalog; path = Assets.xcassets; sourceTree = "<group>"; };
		1678F9DA1EF475FF005697CB /* Base */ = {isa = PBXFileReference; lastKnownFileType = file.storyboard; name = Base; path = Base.lproj/LaunchScreen.storyboard; sourceTree = "<group>"; };
		1678F9DC1EF475FF005697CB /* Info.plist */ = {isa = PBXFileReference; lastKnownFileType = text.plist.xml; path = Info.plist; sourceTree = "<group>"; };
		16A223E21EF67959009EEEBC /* PopTimer.swift */ = {isa = PBXFileReference; lastKnownFileType = sourcecode.swift; path = PopTimer.swift; sourceTree = "<group>"; };
		16A223E41EF67FC7009EEEBC /* Model.swift */ = {isa = PBXFileReference; lastKnownFileType = sourcecode.swift; path = Model.swift; sourceTree = "<group>"; };
		16D2C7121EF5A6E6009B97F9 /* ArchivedItemCell.swift */ = {isa = PBXFileReference; lastKnownFileType = sourcecode.swift; path = ArchivedItemCell.swift; sourceTree = "<group>"; };
		16D2C7151EF5A744009B97F9 /* Base */ = {isa = PBXFileReference; lastKnownFileType = file.storyboard; name = Base; path = Base.lproj/Main.storyboard; sourceTree = "<group>"; };
/* End PBXFileReference section */

/* Begin PBXFrameworksBuildPhase section */
		1678F9CA1EF475FE005697CB /* Frameworks */ = {
			isa = PBXFrameworksBuildPhase;
			buildActionMask = 2147483647;
			files = (
			);
			runOnlyForDeploymentPostprocessing = 0;
		};
/* End PBXFrameworksBuildPhase section */

/* Begin PBXGroup section */
		16101E8F1EF5A23000CCBD3C /* Model */ = {
			isa = PBXGroup;
			children = (
				16101E8B1EF5A1EB00CCBD3C /* ArchivedDropItem.swift */,
				16101E891EF5A1A000CCBD3C /* ArchivedDropItemType.swift */,
				16A223E21EF67959009EEEBC /* PopTimer.swift */,
				16A223E41EF67FC7009EEEBC /* Model.swift */,
				163845FB1EF8629700CB8D97 /* Types.swift */,
			);
			path = Model;
			sourceTree = "<group>";
		};
		1678F9C41EF475FE005697CB = {
			isa = PBXGroup;
			children = (
				1678F9CF1EF475FE005697CB /* Gladys */,
				1678F9CE1EF475FE005697CB /* Products */,
			);
			sourceTree = "<group>";
		};
		1678F9CE1EF475FE005697CB /* Products */ = {
			isa = PBXGroup;
			children = (
				1678F9CD1EF475FE005697CB /* Gladys.app */,
			);
			name = Products;
			sourceTree = "<group>";
		};
		1678F9CF1EF475FE005697CB /* Gladys */ = {
			isa = PBXGroup;
			children = (
				16D2C7141EF5A744009B97F9 /* Main.storyboard */,
				16D2C7111EF5A6D3009B97F9 /* Views */,
				16101E8F1EF5A23000CCBD3C /* Model */,
				1678F9D71EF475FF005697CB /* Assets.xcassets */,
				1678F9D91EF475FF005697CB /* LaunchScreen.storyboard */,
				1678F9DC1EF475FF005697CB /* Info.plist */,
			);
			path = Gladys;
			sourceTree = "<group>";
		};
		16D2C7111EF5A6D3009B97F9 /* Views */ = {
			isa = PBXGroup;
			children = (
				1678F9D01EF475FE005697CB /* AppDelegate.swift */,
				1678F9D21EF475FF005697CB /* ViewController.swift */,
				16D2C7121EF5A6E6009B97F9 /* ArchivedItemCell.swift */,
			);
			path = Views;
			sourceTree = "<group>";
		};
/* End PBXGroup section */

/* Begin PBXNativeTarget section */
		1678F9CC1EF475FE005697CB /* Gladys */ = {
			isa = PBXNativeTarget;
			buildConfigurationList = 1678F9DF1EF475FF005697CB /* Build configuration list for PBXNativeTarget "Gladys" */;
			buildPhases = (
				1678F9C91EF475FE005697CB /* Sources */,
				1678F9CA1EF475FE005697CB /* Frameworks */,
				1678F9CB1EF475FE005697CB /* Resources */,
			);
			buildRules = (
			);
			dependencies = (
			);
			name = Gladys;
			productName = Gladys;
			productReference = 1678F9CD1EF475FE005697CB /* Gladys.app */;
			productType = "com.apple.product-type.application";
		};
/* End PBXNativeTarget section */

/* Begin PBXProject section */
		1678F9C51EF475FE005697CB /* Project object */ = {
			isa = PBXProject;
			attributes = {
				LastSwiftUpdateCheck = 0900;
				LastUpgradeCheck = 0900;
				ORGANIZATIONNAME = "Paul Tsochantaris";
				TargetAttributes = {
					1678F9CC1EF475FE005697CB = {
						CreatedOnToolsVersion = 9.0;
					};
				};
			};
			buildConfigurationList = 1678F9C81EF475FE005697CB /* Build configuration list for PBXProject "Gladys" */;
			compatibilityVersion = "Xcode 8.0";
			developmentRegion = en;
			hasScannedForEncodings = 0;
			knownRegions = (
				en,
				Base,
			);
			mainGroup = 1678F9C41EF475FE005697CB;
			productRefGroup = 1678F9CE1EF475FE005697CB /* Products */;
			projectDirPath = "";
			projectRoot = "";
			targets = (
				1678F9CC1EF475FE005697CB /* Gladys */,
			);
		};
/* End PBXProject section */

/* Begin PBXResourcesBuildPhase section */
		1678F9CB1EF475FE005697CB /* Resources */ = {
			isa = PBXResourcesBuildPhase;
			buildActionMask = 2147483647;
			files = (
				16D2C7161EF5A829009B97F9 /* Main.storyboard in Resources */,
				1678F9DB1EF475FF005697CB /* LaunchScreen.storyboard in Resources */,
				1678F9D81EF475FF005697CB /* Assets.xcassets in Resources */,
			);
			runOnlyForDeploymentPostprocessing = 0;
		};
/* End PBXResourcesBuildPhase section */

/* Begin PBXSourcesBuildPhase section */
		1678F9C91EF475FE005697CB /* Sources */ = {
			isa = PBXSourcesBuildPhase;
			buildActionMask = 2147483647;
			files = (
				16101E8A1EF5A1A000CCBD3C /* ArchivedDropItemType.swift in Sources */,
				1678F9D31EF475FF005697CB /* ViewController.swift in Sources */,
				16A223E31EF67959009EEEBC /* PopTimer.swift in Sources */,
				163845FC1EF8629700CB8D97 /* Types.swift in Sources */,
				16D2C7131EF5A6E6009B97F9 /* ArchivedItemCell.swift in Sources */,
				1678F9D11EF475FE005697CB /* AppDelegate.swift in Sources */,
				16101E8C1EF5A1EB00CCBD3C /* ArchivedDropItem.swift in Sources */,
				16A223E51EF67FC7009EEEBC /* Model.swift in Sources */,
			);
			runOnlyForDeploymentPostprocessing = 0;
		};
/* End PBXSourcesBuildPhase section */

/* Begin PBXVariantGroup section */
		1678F9D91EF475FF005697CB /* LaunchScreen.storyboard */ = {
			isa = PBXVariantGroup;
			children = (
				1678F9DA1EF475FF005697CB /* Base */,
			);
			name = LaunchScreen.storyboard;
			sourceTree = "<group>";
		};
		16D2C7141EF5A744009B97F9 /* Main.storyboard */ = {
			isa = PBXVariantGroup;
			children = (
				16D2C7151EF5A744009B97F9 /* Base */,
			);
			name = Main.storyboard;
			sourceTree = "<group>";
		};
/* End PBXVariantGroup section */

/* Begin XCBuildConfiguration section */
		1678F9DD1EF475FF005697CB /* Debug */ = {
			isa = XCBuildConfiguration;
			buildSettings = {
				ALWAYS_SEARCH_USER_PATHS = NO;
				CLANG_ANALYZER_NONNULL = YES;
				CLANG_ANALYZER_NUMBER_OBJECT_CONVERSION = YES_AGGRESSIVE;
				CLANG_CXX_LANGUAGE_STANDARD = "gnu++14";
				CLANG_CXX_LIBRARY = "libc++";
				CLANG_ENABLE_MODULES = YES;
				CLANG_ENABLE_OBJC_ARC = YES;
				CLANG_WARN_BLOCK_CAPTURE_AUTORELEASING = YES;
				CLANG_WARN_BOOL_CONVERSION = YES;
				CLANG_WARN_COMMA = YES;
				CLANG_WARN_CONSTANT_CONVERSION = YES;
				CLANG_WARN_DIRECT_OBJC_ISA_USAGE = YES_ERROR;
				CLANG_WARN_DOCUMENTATION_COMMENTS = YES;
				CLANG_WARN_EMPTY_BODY = YES;
				CLANG_WARN_ENUM_CONVERSION = YES;
				CLANG_WARN_INFINITE_RECURSION = YES;
				CLANG_WARN_INT_CONVERSION = YES;
				CLANG_WARN_NON_LITERAL_NULL_CONVERSION = YES;
				CLANG_WARN_OBJC_LITERAL_CONVERSION = YES;
				CLANG_WARN_OBJC_ROOT_CLASS = YES_ERROR;
				CLANG_WARN_RANGE_LOOP_ANALYSIS = YES;
				CLANG_WARN_STRICT_PROTOTYPES = YES;
				CLANG_WARN_SUSPICIOUS_MOVE = YES;
				CLANG_WARN_UNGUARDED_AVAILABILITY = YES_AGGRESSIVE;
				CLANG_WARN_UNREACHABLE_CODE = YES;
				CLANG_WARN__DUPLICATE_METHOD_MATCH = YES;
				CODE_SIGN_IDENTITY = "iPhone Developer";
				COPY_PHASE_STRIP = NO;
				DEBUG_INFORMATION_FORMAT = dwarf;
				ENABLE_STRICT_OBJC_MSGSEND = YES;
				ENABLE_TESTABILITY = YES;
				GCC_C_LANGUAGE_STANDARD = gnu11;
				GCC_DYNAMIC_NO_PIC = NO;
				GCC_NO_COMMON_BLOCKS = YES;
				GCC_OPTIMIZATION_LEVEL = 0;
				GCC_PREPROCESSOR_DEFINITIONS = (
					"DEBUG=1",
					"$(inherited)",
				);
				GCC_WARN_64_TO_32_BIT_CONVERSION = YES;
				GCC_WARN_ABOUT_RETURN_TYPE = YES_ERROR;
				GCC_WARN_UNDECLARED_SELECTOR = YES;
				GCC_WARN_UNINITIALIZED_AUTOS = YES_AGGRESSIVE;
				GCC_WARN_UNUSED_FUNCTION = YES;
				GCC_WARN_UNUSED_VARIABLE = YES;
				IPHONEOS_DEPLOYMENT_TARGET = 11.0;
				MTL_ENABLE_DEBUG_INFO = YES;
				ONLY_ACTIVE_ARCH = YES;
				SDKROOT = iphoneos;
				SWIFT_ACTIVE_COMPILATION_CONDITIONS = DEBUG;
				SWIFT_OPTIMIZATION_LEVEL = "-Onone";
				SWIFT_VERSION = 4.0;
			};
			name = Debug;
		};
		1678F9DE1EF475FF005697CB /* Release */ = {
			isa = XCBuildConfiguration;
			buildSettings = {
				ALWAYS_SEARCH_USER_PATHS = NO;
				CLANG_ANALYZER_NONNULL = YES;
				CLANG_ANALYZER_NUMBER_OBJECT_CONVERSION = YES_AGGRESSIVE;
				CLANG_CXX_LANGUAGE_STANDARD = "gnu++14";
				CLANG_CXX_LIBRARY = "libc++";
				CLANG_ENABLE_MODULES = YES;
				CLANG_ENABLE_OBJC_ARC = YES;
				CLANG_WARN_BLOCK_CAPTURE_AUTORELEASING = YES;
				CLANG_WARN_BOOL_CONVERSION = YES;
				CLANG_WARN_COMMA = YES;
				CLANG_WARN_CONSTANT_CONVERSION = YES;
				CLANG_WARN_DIRECT_OBJC_ISA_USAGE = YES_ERROR;
				CLANG_WARN_DOCUMENTATION_COMMENTS = YES;
				CLANG_WARN_EMPTY_BODY = YES;
				CLANG_WARN_ENUM_CONVERSION = YES;
				CLANG_WARN_INFINITE_RECURSION = YES;
				CLANG_WARN_INT_CONVERSION = YES;
				CLANG_WARN_NON_LITERAL_NULL_CONVERSION = YES;
				CLANG_WARN_OBJC_LITERAL_CONVERSION = YES;
				CLANG_WARN_OBJC_ROOT_CLASS = YES_ERROR;
				CLANG_WARN_RANGE_LOOP_ANALYSIS = YES;
				CLANG_WARN_STRICT_PROTOTYPES = YES;
				CLANG_WARN_SUSPICIOUS_MOVE = YES;
				CLANG_WARN_UNGUARDED_AVAILABILITY = YES_AGGRESSIVE;
				CLANG_WARN_UNREACHABLE_CODE = YES;
				CLANG_WARN__DUPLICATE_METHOD_MATCH = YES;
				CODE_SIGN_IDENTITY = "iPhone Developer";
				COPY_PHASE_STRIP = NO;
				DEBUG_INFORMATION_FORMAT = "dwarf-with-dsym";
				ENABLE_NS_ASSERTIONS = NO;
				ENABLE_STRICT_OBJC_MSGSEND = YES;
				GCC_C_LANGUAGE_STANDARD = gnu11;
				GCC_NO_COMMON_BLOCKS = YES;
				GCC_WARN_64_TO_32_BIT_CONVERSION = YES;
				GCC_WARN_ABOUT_RETURN_TYPE = YES_ERROR;
				GCC_WARN_UNDECLARED_SELECTOR = YES;
				GCC_WARN_UNINITIALIZED_AUTOS = YES_AGGRESSIVE;
				GCC_WARN_UNUSED_FUNCTION = YES;
				GCC_WARN_UNUSED_VARIABLE = YES;
				IPHONEOS_DEPLOYMENT_TARGET = 11.0;
				MTL_ENABLE_DEBUG_INFO = NO;
				SDKROOT = iphoneos;
				SWIFT_OPTIMIZATION_LEVEL = "-Owholemodule";
				SWIFT_VERSION = 4.0;
				VALIDATE_PRODUCT = YES;
			};
			name = Release;
		};
		1678F9E01EF475FF005697CB /* Debug */ = {
			isa = XCBuildConfiguration;
			buildSettings = {
				ASSETCATALOG_COMPILER_APPICON_NAME = AppIcon;
				DEVELOPMENT_TEAM = X727JSJUGJ;
				INFOPLIST_FILE = Gladys/Info.plist;
				LD_RUNPATH_SEARCH_PATHS = "$(inherited) @executable_path/Frameworks";
				PRODUCT_BUNDLE_IDENTIFIER = build.bru.Gladys;
				PRODUCT_NAME = "$(TARGET_NAME)";
				TARGETED_DEVICE_FAMILY = 2;
			};
			name = Debug;
		};
		1678F9E11EF475FF005697CB /* Release */ = {
			isa = XCBuildConfiguration;
			buildSettings = {
				ASSETCATALOG_COMPILER_APPICON_NAME = AppIcon;
				DEVELOPMENT_TEAM = X727JSJUGJ;
				INFOPLIST_FILE = Gladys/Info.plist;
				LD_RUNPATH_SEARCH_PATHS = "$(inherited) @executable_path/Frameworks";
				PRODUCT_BUNDLE_IDENTIFIER = build.bru.Gladys;
				PRODUCT_NAME = "$(TARGET_NAME)";
				TARGETED_DEVICE_FAMILY = 2;
			};
			name = Release;
		};
/* End XCBuildConfiguration section */

/* Begin XCConfigurationList section */
		1678F9C81EF475FE005697CB /* Build configuration list for PBXProject "Gladys" */ = {
			isa = XCConfigurationList;
			buildConfigurations = (
				1678F9DD1EF475FF005697CB /* Debug */,
				1678F9DE1EF475FF005697CB /* Release */,
			);
			defaultConfigurationIsVisible = 0;
			defaultConfigurationName = Release;
		};
		1678F9DF1EF475FF005697CB /* Build configuration list for PBXNativeTarget "Gladys" */ = {
			isa = XCConfigurationList;
			buildConfigurations = (
				1678F9E01EF475FF005697CB /* Debug */,
				1678F9E11EF475FF005697CB /* Release */,
			);
			defaultConfigurationIsVisible = 0;
			defaultConfigurationName = Release;
		};
/* End XCConfigurationList section */
	};
	rootObject = 1678F9C51EF475FE005697CB /* Project object */;
}
